// !$*UTF8*$!
{
	archiveVersion = 1;
	classes = {
	};
	objectVersion = 55;
	objects = {

/* Begin PBXBuildFile section */
		032EED58285E24D000994E5B /* Toast.swift in Sources */ = {isa = PBXBuildFile; fileRef = 032EED57285E24D000994E5B /* Toast.swift */; };
		032EED5A285E252800994E5B /* TextLimiter.swift in Sources */ = {isa = PBXBuildFile; fileRef = 032EED59285E252800994E5B /* TextLimiter.swift */; };
		032EED5C285E255D00994E5B /* WeekButton.swift in Sources */ = {isa = PBXBuildFile; fileRef = 032EED5B285E255D00994E5B /* WeekButton.swift */; };
		032EED5E285E25B400994E5B /* TotalView.swift in Sources */ = {isa = PBXBuildFile; fileRef = 032EED5D285E25B400994E5B /* TotalView.swift */; };
		0346333628913B24000D1E61 /* NotificationCenterManager.swift in Sources */ = {isa = PBXBuildFile; fileRef = 0346333528913B24000D1E61 /* NotificationCenterManager.swift */; };
		03463343289FA695000D1E61 /* GoogleService-Info.plist in Resources */ = {isa = PBXBuildFile; fileRef = 03463342289FA695000D1E61 /* GoogleService-Info.plist */; };
		03463346289FA7F9000D1E61 /* FirebaseAnalytics in Frameworks */ = {isa = PBXBuildFile; productRef = 03463345289FA7F9000D1E61 /* FirebaseAnalytics */; };
		03463348289FA7F9000D1E61 /* FirebaseAnalyticsSwift in Frameworks */ = {isa = PBXBuildFile; productRef = 03463347289FA7F9000D1E61 /* FirebaseAnalyticsSwift */; };
		0346334A289FA7F9000D1E61 /* FirebaseDatabase in Frameworks */ = {isa = PBXBuildFile; productRef = 03463349289FA7F9000D1E61 /* FirebaseDatabase */; };
		0346334C289FA7F9000D1E61 /* FirebaseDatabaseSwift in Frameworks */ = {isa = PBXBuildFile; productRef = 0346334B289FA7F9000D1E61 /* FirebaseDatabaseSwift */; };
		036D03B12813241000EE607B /* ItemView.swift in Sources */ = {isa = PBXBuildFile; fileRef = 036D03B02813241000EE607B /* ItemView.swift */; };
		036D03B3281339FD00EE607B /* CompletedList.swift in Sources */ = {isa = PBXBuildFile; fileRef = 036D03B2281339FD00EE607B /* CompletedList.swift */; };
		036D03B528133CB300EE607B /* compltedLIstVM.swift in Sources */ = {isa = PBXBuildFile; fileRef = 036D03B428133CB300EE607B /* compltedLIstVM.swift */; };
		036D03B728145D9700EE607B /* ScrollData.swift in Sources */ = {isa = PBXBuildFile; fileRef = 036D03B628145D9700EE607B /* ScrollData.swift */; };
		036D03BA2818384300EE607B /* scrollView.swift in Sources */ = {isa = PBXBuildFile; fileRef = 036D03B92818384300EE607B /* scrollView.swift */; };
		037FFAEC28421AE800BD3C0E /* Setting.swift in Sources */ = {isa = PBXBuildFile; fileRef = 037FFAEB28421AE800BD3C0E /* Setting.swift */; };
		037FFAF7284614F400BD3C0E /* TestView.swift in Sources */ = {isa = PBXBuildFile; fileRef = 037FFAF6284614F400BD3C0E /* TestView.swift */; };
		037FFAFB2847C43D00BD3C0E /* AnimationView.swift in Sources */ = {isa = PBXBuildFile; fileRef = 037FFAFA2847C43D00BD3C0E /* AnimationView.swift */; };
		038FB458280D61F600740AA6 /* HabitVM.swift in Sources */ = {isa = PBXBuildFile; fileRef = 038FB457280D61F600740AA6 /* HabitVM.swift */; };
		039164DD2830F08D00CA0028 /* ScrollVM.swift in Sources */ = {isa = PBXBuildFile; fileRef = 039164DC2830F08D00CA0028 /* ScrollVM.swift */; };
		039164E0283120DA00CA0028 /* Total.swift in Sources */ = {isa = PBXBuildFile; fileRef = 039164DF283120DA00CA0028 /* Total.swift */; };
		039164E22831213000CA0028 /* Month.swift in Sources */ = {isa = PBXBuildFile; fileRef = 039164E12831213000CA0028 /* Month.swift */; };
		039164FA283752B900CA0028 /* EditView.swift in Sources */ = {isa = PBXBuildFile; fileRef = 039164F9283752B900CA0028 /* EditView.swift */; };
		039165032837650100CA0028 /* PartialSheet in Frameworks */ = {isa = PBXBuildFile; productRef = 039165022837650100CA0028 /* PartialSheet */; };
		039165082837744900CA0028 /* ActionSheetCard in Frameworks */ = {isa = PBXBuildFile; productRef = 039165072837744900CA0028 /* ActionSheetCard */; };
		0392B413280695AD006C1E04 /* ReportView.swift in Sources */ = {isa = PBXBuildFile; fileRef = 0392B412280695AD006C1E04 /* ReportView.swift */; };
		0392B4152806BE5B006C1E04 /* Habit.swift in Sources */ = {isa = PBXBuildFile; fileRef = 0392B4142806BE5B006C1E04 /* Habit.swift */; };
		0392B4172806C444006C1E04 /* Week.swift in Sources */ = {isa = PBXBuildFile; fileRef = 0392B4162806C444006C1E04 /* Week.swift */; };
		0392B41928080A7F006C1E04 /* RealmManager.swift in Sources */ = {isa = PBXBuildFile; fileRef = 0392B41828080A7F006C1E04 /* RealmManager.swift */; };
		0392B41B28080DA0006C1E04 /* RealmThread.swift in Sources */ = {isa = PBXBuildFile; fileRef = 0392B41A28080DA0006C1E04 /* RealmThread.swift */; };
		03A06E5E2858D74A0069C3CB /* ReportListView.swift in Sources */ = {isa = PBXBuildFile; fileRef = 03A06E5D2858D74A0069C3CB /* ReportListView.swift */; };
		03A06E602858D9490069C3CB /* ReportData.swift in Sources */ = {isa = PBXBuildFile; fileRef = 03A06E5F2858D9490069C3CB /* ReportData.swift */; };
		03A06E622858ED0B0069C3CB /* ContentView.swift in Sources */ = {isa = PBXBuildFile; fileRef = 03A06E612858ED0B0069C3CB /* ContentView.swift */; };
		03A06E642858F7870069C3CB /* FirstLaunchView.swift in Sources */ = {isa = PBXBuildFile; fileRef = 03A06E632858F7870069C3CB /* FirstLaunchView.swift */; };
		03CFE06827EC46D1004C54B6 /* Habit_ManagementApp.swift in Sources */ = {isa = PBXBuildFile; fileRef = 03CFE06727EC46D1004C54B6 /* Habit_ManagementApp.swift */; };
		03CFE06A27EC46D1004C54B6 /* MainView.swift in Sources */ = {isa = PBXBuildFile; fileRef = 03CFE06927EC46D1004C54B6 /* MainView.swift */; };
		03CFE06C27EC46D6004C54B6 /* Assets.xcassets in Resources */ = {isa = PBXBuildFile; fileRef = 03CFE06B27EC46D6004C54B6 /* Assets.xcassets */; };
		03CFE06F27EC46D6004C54B6 /* Preview Assets.xcassets in Resources */ = {isa = PBXBuildFile; fileRef = 03CFE06E27EC46D6004C54B6 /* Preview Assets.xcassets */; };
		03CFE07127EC46D6004C54B6 /* Persistence.swift in Sources */ = {isa = PBXBuildFile; fileRef = 03CFE07027EC46D6004C54B6 /* Persistence.swift */; };
		03CFE07427EC46D6004C54B6 /* Habit_Management.xcdatamodeld in Sources */ = {isa = PBXBuildFile; fileRef = 03CFE07227EC46D6004C54B6 /* Habit_Management.xcdatamodeld */; };
		03CFE07E27EC46D6004C54B6 /* Habit_ManagementTests.swift in Sources */ = {isa = PBXBuildFile; fileRef = 03CFE07D27EC46D6004C54B6 /* Habit_ManagementTests.swift */; };
		03CFE08827EC46D6004C54B6 /* Habit_ManagementUITests.swift in Sources */ = {isa = PBXBuildFile; fileRef = 03CFE08727EC46D6004C54B6 /* Habit_ManagementUITests.swift */; };
		03CFE08A27EC46D6004C54B6 /* Habit_ManagementUITestsLaunchTests.swift in Sources */ = {isa = PBXBuildFile; fileRef = 03CFE08927EC46D6004C54B6 /* Habit_ManagementUITestsLaunchTests.swift */; };
		03CFE0DD27F58D3F004C54B6 /* AddView.swift in Sources */ = {isa = PBXBuildFile; fileRef = 03CFE0DC27F58D3F004C54B6 /* AddView.swift */; };
		03DBC27A282111DD000848BF /* StaticsView.swift in Sources */ = {isa = PBXBuildFile; fileRef = 03DBC279282111DD000848BF /* StaticsView.swift */; };
		03DBC27C2827C999000848BF /* LessMore.swift in Sources */ = {isa = PBXBuildFile; fileRef = 03DBC27B2827C999000848BF /* LessMore.swift */; };
		03DBC2812827CF2F000848BF /* Graph.swift in Sources */ = {isa = PBXBuildFile; fileRef = 03DBC2802827CF2F000848BF /* Graph.swift */; };
		03DBC285282BAA74000848BF /* Statics.swift in Sources */ = {isa = PBXBuildFile; fileRef = 03DBC284282BAA74000848BF /* Statics.swift */; };
		03DBC289282BAB3E000848BF /* StaticVM.swift in Sources */ = {isa = PBXBuildFile; fileRef = 03DBC288282BAB3E000848BF /* StaticVM.swift */; };
		2460F682C8D2ACB9EA742D3F /* Pods_Habit_Management_Habit_ManagementUITests.framework in Frameworks */ = {isa = PBXBuildFile; fileRef = BFB19D28789C8C2E67D0F6FD /* Pods_Habit_Management_Habit_ManagementUITests.framework */; };
		26895DB5D011AA4B89753225 /* Pods_Habit_ManagementTests.framework in Frameworks */ = {isa = PBXBuildFile; fileRef = 0980B5CD073165562A72A8BB /* Pods_Habit_ManagementTests.framework */; };
		8086D5AE99F30F9CCD0414F6 /* Pods_Habit_Management.framework in Frameworks */ = {isa = PBXBuildFile; fileRef = 884949A78425940E1FD1043F /* Pods_Habit_Management.framework */; };
/* End PBXBuildFile section */

/* Begin PBXContainerItemProxy section */
		03CFE07A27EC46D6004C54B6 /* PBXContainerItemProxy */ = {
			isa = PBXContainerItemProxy;
			containerPortal = 03CFE05C27EC46D1004C54B6 /* Project object */;
			proxyType = 1;
			remoteGlobalIDString = 03CFE06327EC46D1004C54B6;
			remoteInfo = "Habit Management";
		};
		03CFE08427EC46D6004C54B6 /* PBXContainerItemProxy */ = {
			isa = PBXContainerItemProxy;
			containerPortal = 03CFE05C27EC46D1004C54B6 /* Project object */;
			proxyType = 1;
			remoteGlobalIDString = 03CFE06327EC46D1004C54B6;
			remoteInfo = "Habit Management";
		};
/* End PBXContainerItemProxy section */

/* Begin PBXFileReference section */
		00AABC6128360E166803BD07 /* Pods-Habit Management.release.xcconfig */ = {isa = PBXFileReference; includeInIndex = 1; lastKnownFileType = text.xcconfig; name = "Pods-Habit Management.release.xcconfig"; path = "Target Support Files/Pods-Habit Management/Pods-Habit Management.release.xcconfig"; sourceTree = "<group>"; };
		032EED57285E24D000994E5B /* Toast.swift */ = {isa = PBXFileReference; lastKnownFileType = sourcecode.swift; path = Toast.swift; sourceTree = "<group>"; };
		032EED59285E252800994E5B /* TextLimiter.swift */ = {isa = PBXFileReference; lastKnownFileType = sourcecode.swift; path = TextLimiter.swift; sourceTree = "<group>"; };
		032EED5B285E255D00994E5B /* WeekButton.swift */ = {isa = PBXFileReference; lastKnownFileType = sourcecode.swift; path = WeekButton.swift; sourceTree = "<group>"; };
		032EED5D285E25B400994E5B /* TotalView.swift */ = {isa = PBXFileReference; lastKnownFileType = sourcecode.swift; path = TotalView.swift; sourceTree = "<group>"; };
		0346333528913B24000D1E61 /* NotificationCenterManager.swift */ = {isa = PBXFileReference; lastKnownFileType = sourcecode.swift; path = NotificationCenterManager.swift; sourceTree = "<group>"; };
		0346333D289AC6DA000D1E61 /* Habit-Management-Info.plist */ = {isa = PBXFileReference; lastKnownFileType = text.plist; path = "Habit-Management-Info.plist"; sourceTree = SOURCE_ROOT; };
		03463342289FA695000D1E61 /* GoogleService-Info.plist */ = {isa = PBXFileReference; fileEncoding = 4; lastKnownFileType = text.plist.xml; name = "GoogleService-Info.plist"; path = "../../Downloads/GoogleService-Info.plist"; sourceTree = "<group>"; };
		036D03B02813241000EE607B /* ItemView.swift */ = {isa = PBXFileReference; lastKnownFileType = sourcecode.swift; path = ItemView.swift; sourceTree = "<group>"; };
		036D03B2281339FD00EE607B /* CompletedList.swift */ = {isa = PBXFileReference; lastKnownFileType = sourcecode.swift; path = CompletedList.swift; sourceTree = "<group>"; };
		036D03B428133CB300EE607B /* compltedLIstVM.swift */ = {isa = PBXFileReference; lastKnownFileType = sourcecode.swift; path = compltedLIstVM.swift; sourceTree = "<group>"; };
		036D03B628145D9700EE607B /* ScrollData.swift */ = {isa = PBXFileReference; lastKnownFileType = sourcecode.swift; path = ScrollData.swift; sourceTree = "<group>"; };
		036D03B92818384300EE607B /* scrollView.swift */ = {isa = PBXFileReference; lastKnownFileType = sourcecode.swift; path = scrollView.swift; sourceTree = "<group>"; };
		037FFAEB28421AE800BD3C0E /* Setting.swift */ = {isa = PBXFileReference; lastKnownFileType = sourcecode.swift; path = Setting.swift; sourceTree = "<group>"; };
		037FFAF6284614F400BD3C0E /* TestView.swift */ = {isa = PBXFileReference; lastKnownFileType = sourcecode.swift; path = TestView.swift; sourceTree = "<group>"; };
		037FFAFA2847C43D00BD3C0E /* AnimationView.swift */ = {isa = PBXFileReference; lastKnownFileType = sourcecode.swift; path = AnimationView.swift; sourceTree = "<group>"; };
		038FB457280D61F600740AA6 /* HabitVM.swift */ = {isa = PBXFileReference; lastKnownFileType = sourcecode.swift; path = HabitVM.swift; sourceTree = "<group>"; };
		039164DC2830F08D00CA0028 /* ScrollVM.swift */ = {isa = PBXFileReference; lastKnownFileType = sourcecode.swift; path = ScrollVM.swift; sourceTree = "<group>"; };
		039164DF283120DA00CA0028 /* Total.swift */ = {isa = PBXFileReference; lastKnownFileType = sourcecode.swift; path = Total.swift; sourceTree = "<group>"; };
		039164E12831213000CA0028 /* Month.swift */ = {isa = PBXFileReference; lastKnownFileType = sourcecode.swift; path = Month.swift; sourceTree = "<group>"; };
		039164F9283752B900CA0028 /* EditView.swift */ = {isa = PBXFileReference; lastKnownFileType = sourcecode.swift; path = EditView.swift; sourceTree = "<group>"; };
		03916501283764A400CA0028 /* PartialSheet */ = {isa = PBXFileReference; lastKnownFileType = wrapper; name = PartialSheet; path = ../PartialSheet; sourceTree = "<group>"; };
		039165062837743E00CA0028 /* SwiftUI-Action-Sheet-Card */ = {isa = PBXFileReference; lastKnownFileType = wrapper; name = "SwiftUI-Action-Sheet-Card"; path = "../SwiftUI-Action-Sheet-Card"; sourceTree = "<group>"; };
		0392B412280695AD006C1E04 /* ReportView.swift */ = {isa = PBXFileReference; lastKnownFileType = sourcecode.swift; path = ReportView.swift; sourceTree = "<group>"; };
		0392B4142806BE5B006C1E04 /* Habit.swift */ = {isa = PBXFileReference; lastKnownFileType = sourcecode.swift; path = Habit.swift; sourceTree = "<group>"; };
		0392B4162806C444006C1E04 /* Week.swift */ = {isa = PBXFileReference; lastKnownFileType = sourcecode.swift; path = Week.swift; sourceTree = "<group>"; };
		0392B41828080A7F006C1E04 /* RealmManager.swift */ = {isa = PBXFileReference; lastKnownFileType = sourcecode.swift; path = RealmManager.swift; sourceTree = "<group>"; };
		0392B41A28080DA0006C1E04 /* RealmThread.swift */ = {isa = PBXFileReference; lastKnownFileType = sourcecode.swift; path = RealmThread.swift; sourceTree = "<group>"; };
		03A06E5D2858D74A0069C3CB /* ReportListView.swift */ = {isa = PBXFileReference; lastKnownFileType = sourcecode.swift; path = ReportListView.swift; sourceTree = "<group>"; };
		03A06E5F2858D9490069C3CB /* ReportData.swift */ = {isa = PBXFileReference; lastKnownFileType = sourcecode.swift; path = ReportData.swift; sourceTree = "<group>"; };
		03A06E612858ED0B0069C3CB /* ContentView.swift */ = {isa = PBXFileReference; lastKnownFileType = sourcecode.swift; path = ContentView.swift; sourceTree = "<group>"; };
		03A06E632858F7870069C3CB /* FirstLaunchView.swift */ = {isa = PBXFileReference; lastKnownFileType = sourcecode.swift; path = FirstLaunchView.swift; sourceTree = "<group>"; };
		03CFE06427EC46D1004C54B6 /* Habit Management.app */ = {isa = PBXFileReference; explicitFileType = wrapper.application; includeInIndex = 0; path = "Habit Management.app"; sourceTree = BUILT_PRODUCTS_DIR; };
		03CFE06727EC46D1004C54B6 /* Habit_ManagementApp.swift */ = {isa = PBXFileReference; lastKnownFileType = sourcecode.swift; path = Habit_ManagementApp.swift; sourceTree = "<group>"; };
		03CFE06927EC46D1004C54B6 /* MainView.swift */ = {isa = PBXFileReference; lastKnownFileType = sourcecode.swift; path = MainView.swift; sourceTree = "<group>"; };
		03CFE06B27EC46D6004C54B6 /* Assets.xcassets */ = {isa = PBXFileReference; lastKnownFileType = folder.assetcatalog; path = Assets.xcassets; sourceTree = "<group>"; };
		03CFE06E27EC46D6004C54B6 /* Preview Assets.xcassets */ = {isa = PBXFileReference; lastKnownFileType = folder.assetcatalog; path = "Preview Assets.xcassets"; sourceTree = "<group>"; };
		03CFE07027EC46D6004C54B6 /* Persistence.swift */ = {isa = PBXFileReference; lastKnownFileType = sourcecode.swift; path = Persistence.swift; sourceTree = "<group>"; };
		03CFE07327EC46D6004C54B6 /* Habit_Management.xcdatamodel */ = {isa = PBXFileReference; lastKnownFileType = wrapper.xcdatamodel; path = Habit_Management.xcdatamodel; sourceTree = "<group>"; };
		03CFE07927EC46D6004C54B6 /* Habit ManagementTests.xctest */ = {isa = PBXFileReference; explicitFileType = wrapper.cfbundle; includeInIndex = 0; path = "Habit ManagementTests.xctest"; sourceTree = BUILT_PRODUCTS_DIR; };
		03CFE07D27EC46D6004C54B6 /* Habit_ManagementTests.swift */ = {isa = PBXFileReference; lastKnownFileType = sourcecode.swift; path = Habit_ManagementTests.swift; sourceTree = "<group>"; };
		03CFE08327EC46D6004C54B6 /* Habit ManagementUITests.xctest */ = {isa = PBXFileReference; explicitFileType = wrapper.cfbundle; includeInIndex = 0; path = "Habit ManagementUITests.xctest"; sourceTree = BUILT_PRODUCTS_DIR; };
		03CFE08727EC46D6004C54B6 /* Habit_ManagementUITests.swift */ = {isa = PBXFileReference; lastKnownFileType = sourcecode.swift; path = Habit_ManagementUITests.swift; sourceTree = "<group>"; };
		03CFE08927EC46D6004C54B6 /* Habit_ManagementUITestsLaunchTests.swift */ = {isa = PBXFileReference; lastKnownFileType = sourcecode.swift; path = Habit_ManagementUITestsLaunchTests.swift; sourceTree = "<group>"; };
		03CFE0DC27F58D3F004C54B6 /* AddView.swift */ = {isa = PBXFileReference; lastKnownFileType = sourcecode.swift; path = AddView.swift; sourceTree = "<group>"; };
		03DBC279282111DD000848BF /* StaticsView.swift */ = {isa = PBXFileReference; lastKnownFileType = sourcecode.swift; path = StaticsView.swift; sourceTree = "<group>"; };
		03DBC27B2827C999000848BF /* LessMore.swift */ = {isa = PBXFileReference; lastKnownFileType = sourcecode.swift; path = LessMore.swift; sourceTree = "<group>"; };
		03DBC2802827CF2F000848BF /* Graph.swift */ = {isa = PBXFileReference; lastKnownFileType = sourcecode.swift; path = Graph.swift; sourceTree = "<group>"; };
		03DBC284282BAA74000848BF /* Statics.swift */ = {isa = PBXFileReference; lastKnownFileType = sourcecode.swift; path = Statics.swift; sourceTree = "<group>"; };
		03DBC288282BAB3E000848BF /* StaticVM.swift */ = {isa = PBXFileReference; lastKnownFileType = sourcecode.swift; path = StaticVM.swift; sourceTree = "<group>"; };
		0980B5CD073165562A72A8BB /* Pods_Habit_ManagementTests.framework */ = {isa = PBXFileReference; explicitFileType = wrapper.framework; includeInIndex = 0; path = Pods_Habit_ManagementTests.framework; sourceTree = BUILT_PRODUCTS_DIR; };
		400D3B7BD7BFB1207BEC7302 /* Pods-Habit Management-Habit ManagementUITests.release.xcconfig */ = {isa = PBXFileReference; includeInIndex = 1; lastKnownFileType = text.xcconfig; name = "Pods-Habit Management-Habit ManagementUITests.release.xcconfig"; path = "Target Support Files/Pods-Habit Management-Habit ManagementUITests/Pods-Habit Management-Habit ManagementUITests.release.xcconfig"; sourceTree = "<group>"; };
		401E6E5122DBF10BBCEDD366 /* Pods-Habit Management-Habit ManagementUITests.debug.xcconfig */ = {isa = PBXFileReference; includeInIndex = 1; lastKnownFileType = text.xcconfig; name = "Pods-Habit Management-Habit ManagementUITests.debug.xcconfig"; path = "Target Support Files/Pods-Habit Management-Habit ManagementUITests/Pods-Habit Management-Habit ManagementUITests.debug.xcconfig"; sourceTree = "<group>"; };
		884949A78425940E1FD1043F /* Pods_Habit_Management.framework */ = {isa = PBXFileReference; explicitFileType = wrapper.framework; includeInIndex = 0; path = Pods_Habit_Management.framework; sourceTree = BUILT_PRODUCTS_DIR; };
		8CAE1D3E970C585D984D2C0A /* Pods-Habit ManagementTests.release.xcconfig */ = {isa = PBXFileReference; includeInIndex = 1; lastKnownFileType = text.xcconfig; name = "Pods-Habit ManagementTests.release.xcconfig"; path = "Target Support Files/Pods-Habit ManagementTests/Pods-Habit ManagementTests.release.xcconfig"; sourceTree = "<group>"; };
		BFB19D28789C8C2E67D0F6FD /* Pods_Habit_Management_Habit_ManagementUITests.framework */ = {isa = PBXFileReference; explicitFileType = wrapper.framework; includeInIndex = 0; path = Pods_Habit_Management_Habit_ManagementUITests.framework; sourceTree = BUILT_PRODUCTS_DIR; };
		C1785FC2FF4E53DFD4EBF7A4 /* Pods-Habit ManagementTests.debug.xcconfig */ = {isa = PBXFileReference; includeInIndex = 1; lastKnownFileType = text.xcconfig; name = "Pods-Habit ManagementTests.debug.xcconfig"; path = "Target Support Files/Pods-Habit ManagementTests/Pods-Habit ManagementTests.debug.xcconfig"; sourceTree = "<group>"; };
		EDFF3B866A9082ED02432282 /* Pods-Habit Management.debug.xcconfig */ = {isa = PBXFileReference; includeInIndex = 1; lastKnownFileType = text.xcconfig; name = "Pods-Habit Management.debug.xcconfig"; path = "Target Support Files/Pods-Habit Management/Pods-Habit Management.debug.xcconfig"; sourceTree = "<group>"; };
/* End PBXFileReference section */

/* Begin PBXFrameworksBuildPhase section */
		03CFE06127EC46D1004C54B6 /* Frameworks */ = {
			isa = PBXFrameworksBuildPhase;
			buildActionMask = 2147483647;
			files = (
				0346334C289FA7F9000D1E61 /* FirebaseDatabaseSwift in Frameworks */,
				0346334A289FA7F9000D1E61 /* FirebaseDatabase in Frameworks */,
				039165032837650100CA0028 /* PartialSheet in Frameworks */,
				8086D5AE99F30F9CCD0414F6 /* Pods_Habit_Management.framework in Frameworks */,
				03463346289FA7F9000D1E61 /* FirebaseAnalytics in Frameworks */,
				039165082837744900CA0028 /* ActionSheetCard in Frameworks */,
				03463348289FA7F9000D1E61 /* FirebaseAnalyticsSwift in Frameworks */,
			);
			runOnlyForDeploymentPostprocessing = 0;
		};
		03CFE07627EC46D6004C54B6 /* Frameworks */ = {
			isa = PBXFrameworksBuildPhase;
			buildActionMask = 2147483647;
			files = (
				26895DB5D011AA4B89753225 /* Pods_Habit_ManagementTests.framework in Frameworks */,
			);
			runOnlyForDeploymentPostprocessing = 0;
		};
		03CFE08027EC46D6004C54B6 /* Frameworks */ = {
			isa = PBXFrameworksBuildPhase;
			buildActionMask = 2147483647;
			files = (
				2460F682C8D2ACB9EA742D3F /* Pods_Habit_Management_Habit_ManagementUITests.framework in Frameworks */,
			);
			runOnlyForDeploymentPostprocessing = 0;
		};
/* End PBXFrameworksBuildPhase section */

/* Begin PBXGroup section */
		02BDAB1BBE2CE3639BF6CD89 /* Pods */ = {
			isa = PBXGroup;
			children = (
				EDFF3B866A9082ED02432282 /* Pods-Habit Management.debug.xcconfig */,
				00AABC6128360E166803BD07 /* Pods-Habit Management.release.xcconfig */,
				401E6E5122DBF10BBCEDD366 /* Pods-Habit Management-Habit ManagementUITests.debug.xcconfig */,
				400D3B7BD7BFB1207BEC7302 /* Pods-Habit Management-Habit ManagementUITests.release.xcconfig */,
				C1785FC2FF4E53DFD4EBF7A4 /* Pods-Habit ManagementTests.debug.xcconfig */,
				8CAE1D3E970C585D984D2C0A /* Pods-Habit ManagementTests.release.xcconfig */,
			);
			path = Pods;
			sourceTree = "<group>";
		};
		037FFAF4284606C200BD3C0E /* Item */ = {
			isa = PBXGroup;
			children = (
				039164F9283752B900CA0028 /* EditView.swift */,
				036D03B02813241000EE607B /* ItemView.swift */,
			);
			path = Item;
			sourceTree = "<group>";
		};
		037FFAF5284606DC00BD3C0E /* Scroll */ = {
			isa = PBXGroup;
			children = (
				036D03B92818384300EE607B /* scrollView.swift */,
				03DBC27B2827C999000848BF /* LessMore.swift */,
			);
			path = Scroll;
			sourceTree = "<group>";
		};
		039164DE283120C600CA0028 /* Utility */ = {
			isa = PBXGroup;
			children = (
				039164DF283120DA00CA0028 /* Total.swift */,
				0392B4162806C444006C1E04 /* Week.swift */,
				039164E12831213000CA0028 /* Month.swift */,
				032EED57285E24D000994E5B /* Toast.swift */,
				032EED59285E252800994E5B /* TextLimiter.swift */,
				0346333528913B24000D1E61 /* NotificationCenterManager.swift */,
			);
			path = Utility;
			sourceTree = "<group>";
		};
		0391650E283B5DE800CA0028 /* Add */ = {
			isa = PBXGroup;
			children = (
				03CFE0DC27F58D3F004C54B6 /* AddView.swift */,
				032EED5B285E255D00994E5B /* WeekButton.swift */,
			);
			path = Add;
			sourceTree = "<group>";
		};
		0392B41C28080DB1006C1E04 /* RealmManager */ = {
			isa = PBXGroup;
			children = (
				0392B41828080A7F006C1E04 /* RealmManager.swift */,
				0392B41A28080DA0006C1E04 /* RealmThread.swift */,
			);
			name = RealmManager;
			sourceTree = "<group>";
		};
		03CFE05B27EC46D1004C54B6 = {
			isa = PBXGroup;
			children = (
				03CFE06627EC46D1004C54B6 /* Habit Management */,
				03CFE07C27EC46D6004C54B6 /* Habit ManagementTests */,
				03CFE08627EC46D6004C54B6 /* Habit ManagementUITests */,
				03CFE06527EC46D1004C54B6 /* Products */,
				02BDAB1BBE2CE3639BF6CD89 /* Pods */,
				BB4933070CD0FEA51B66A680 /* Frameworks */,
			);
			sourceTree = "<group>";
		};
		03CFE06527EC46D1004C54B6 /* Products */ = {
			isa = PBXGroup;
			children = (
				03CFE06427EC46D1004C54B6 /* Habit Management.app */,
				03CFE07927EC46D6004C54B6 /* Habit ManagementTests.xctest */,
				03CFE08327EC46D6004C54B6 /* Habit ManagementUITests.xctest */,
			);
			name = Products;
			sourceTree = "<group>";
		};
		03CFE06627EC46D1004C54B6 /* Habit Management */ = {
			isa = PBXGroup;
			children = (
				03463342289FA695000D1E61 /* GoogleService-Info.plist */,
				0346333D289AC6DA000D1E61 /* Habit-Management-Info.plist */,
				039164DE283120C600CA0028 /* Utility */,
				0392B41C28080DB1006C1E04 /* RealmManager */,
				03CFE0DB27F4952B004C54B6 /* View */,
				03CFE0DA27F4949C004C54B6 /* View Model */,
				03CFE0D727F4947F004C54B6 /* Model */,
				03CFE06727EC46D1004C54B6 /* Habit_ManagementApp.swift */,
				03CFE06B27EC46D6004C54B6 /* Assets.xcassets */,
				03CFE07027EC46D6004C54B6 /* Persistence.swift */,
				03CFE07227EC46D6004C54B6 /* Habit_Management.xcdatamodeld */,
				03CFE06D27EC46D6004C54B6 /* Preview Content */,
			);
			path = "Habit Management";
			sourceTree = "<group>";
		};
		03CFE06D27EC46D6004C54B6 /* Preview Content */ = {
			isa = PBXGroup;
			children = (
				03CFE06E27EC46D6004C54B6 /* Preview Assets.xcassets */,
			);
			path = "Preview Content";
			sourceTree = "<group>";
		};
		03CFE07C27EC46D6004C54B6 /* Habit ManagementTests */ = {
			isa = PBXGroup;
			children = (
				03CFE07D27EC46D6004C54B6 /* Habit_ManagementTests.swift */,
			);
			path = "Habit ManagementTests";
			sourceTree = "<group>";
		};
		03CFE08627EC46D6004C54B6 /* Habit ManagementUITests */ = {
			isa = PBXGroup;
			children = (
				03CFE08727EC46D6004C54B6 /* Habit_ManagementUITests.swift */,
				03CFE08927EC46D6004C54B6 /* Habit_ManagementUITestsLaunchTests.swift */,
			);
			path = "Habit ManagementUITests";
			sourceTree = "<group>";
		};
		03CFE0D727F4947F004C54B6 /* Model */ = {
			isa = PBXGroup;
			children = (
				0392B4142806BE5B006C1E04 /* Habit.swift */,
				036D03B2281339FD00EE607B /* CompletedList.swift */,
				036D03B628145D9700EE607B /* ScrollData.swift */,
				03DBC284282BAA74000848BF /* Statics.swift */,
				03A06E5F2858D9490069C3CB /* ReportData.swift */,
			);
			name = Model;
			path = ..;
			sourceTree = "<group>";
		};
		03CFE0DA27F4949C004C54B6 /* View Model */ = {
			isa = PBXGroup;
			children = (
				03DBC288282BAB3E000848BF /* StaticVM.swift */,
				038FB457280D61F600740AA6 /* HabitVM.swift */,
				036D03B428133CB300EE607B /* compltedLIstVM.swift */,
				039164DC2830F08D00CA0028 /* ScrollVM.swift */,
				037FFAEB28421AE800BD3C0E /* Setting.swift */,
			);
			name = "View Model";
			path = ..;
			sourceTree = "<group>";
		};
		03CFE0DB27F4952B004C54B6 /* View */ = {
			isa = PBXGroup;
			children = (
				037FFAF5284606DC00BD3C0E /* Scroll */,
				037FFAF4284606C200BD3C0E /* Item */,
				0391650E283B5DE800CA0028 /* Add */,
				03DBC27E2827CF02000848BF /* Static */,
				03DBC27D2827CEEE000848BF /* Main */,
				037FFAF6284614F400BD3C0E /* TestView.swift */,
				03A06E612858ED0B0069C3CB /* ContentView.swift */,
			);
			name = View;
			path = ..;
			sourceTree = "<group>";
		};
		03DBC27D2827CEEE000848BF /* Main */ = {
			isa = PBXGroup;
			children = (
				03CFE06927EC46D1004C54B6 /* MainView.swift */,
				03A06E632858F7870069C3CB /* FirstLaunchView.swift */,
			);
			name = Main;
			sourceTree = "<group>";
		};
		03DBC27E2827CF02000848BF /* Static */ = {
			isa = PBXGroup;
			children = (
				03DBC279282111DD000848BF /* StaticsView.swift */,
				03DBC2802827CF2F000848BF /* Graph.swift */,
				037FFAFA2847C43D00BD3C0E /* AnimationView.swift */,
				0392B412280695AD006C1E04 /* ReportView.swift */,
				03A06E5D2858D74A0069C3CB /* ReportListView.swift */,
				032EED5D285E25B400994E5B /* TotalView.swift */,
			);
			path = Static;
			sourceTree = "<group>";
		};
		BB4933070CD0FEA51B66A680 /* Frameworks */ = {
			isa = PBXGroup;
			children = (
				039165062837743E00CA0028 /* SwiftUI-Action-Sheet-Card */,
				03916501283764A400CA0028 /* PartialSheet */,
				884949A78425940E1FD1043F /* Pods_Habit_Management.framework */,
				BFB19D28789C8C2E67D0F6FD /* Pods_Habit_Management_Habit_ManagementUITests.framework */,
				0980B5CD073165562A72A8BB /* Pods_Habit_ManagementTests.framework */,
			);
			name = Frameworks;
			sourceTree = "<group>";
		};
/* End PBXGroup section */

/* Begin PBXNativeTarget section */
		03CFE06327EC46D1004C54B6 /* Habit Management */ = {
			isa = PBXNativeTarget;
			buildConfigurationList = 03CFE08D27EC46D6004C54B6 /* Build configuration list for PBXNativeTarget "Habit Management" */;
			buildPhases = (
				F207A1CF83B8CDAE4B43E83D /* [CP] Check Pods Manifest.lock */,
				03CFE06027EC46D1004C54B6 /* Sources */,
				03CFE06127EC46D1004C54B6 /* Frameworks */,
				03CFE06227EC46D1004C54B6 /* Resources */,
				FC5F3A73D428139EA431621A /* [CP] Embed Pods Frameworks */,
			);
			buildRules = (
			);
			dependencies = (
			);
			name = "Habit Management";
			packageProductDependencies = (
				039165022837650100CA0028 /* PartialSheet */,
				039165072837744900CA0028 /* ActionSheetCard */,
				03463345289FA7F9000D1E61 /* FirebaseAnalytics */,
				03463347289FA7F9000D1E61 /* FirebaseAnalyticsSwift */,
				03463349289FA7F9000D1E61 /* FirebaseDatabase */,
				0346334B289FA7F9000D1E61 /* FirebaseDatabaseSwift */,
			);
			productName = "Habit Management";
			productReference = 03CFE06427EC46D1004C54B6 /* Habit Management.app */;
			productType = "com.apple.product-type.application";
		};
		03CFE07827EC46D6004C54B6 /* Habit ManagementTests */ = {
			isa = PBXNativeTarget;
			buildConfigurationList = 03CFE09027EC46D6004C54B6 /* Build configuration list for PBXNativeTarget "Habit ManagementTests" */;
			buildPhases = (
				64EA32EC5353C854690F7FC2 /* [CP] Check Pods Manifest.lock */,
				03CFE07527EC46D6004C54B6 /* Sources */,
				03CFE07627EC46D6004C54B6 /* Frameworks */,
				03CFE07727EC46D6004C54B6 /* Resources */,
			);
			buildRules = (
			);
			dependencies = (
				03CFE07B27EC46D6004C54B6 /* PBXTargetDependency */,
			);
			name = "Habit ManagementTests";
			productName = "Habit ManagementTests";
			productReference = 03CFE07927EC46D6004C54B6 /* Habit ManagementTests.xctest */;
			productType = "com.apple.product-type.bundle.unit-test";
		};
		03CFE08227EC46D6004C54B6 /* Habit ManagementUITests */ = {
			isa = PBXNativeTarget;
			buildConfigurationList = 03CFE09327EC46D6004C54B6 /* Build configuration list for PBXNativeTarget "Habit ManagementUITests" */;
			buildPhases = (
				30612560A48CF562D6C78C2A /* [CP] Check Pods Manifest.lock */,
				03CFE07F27EC46D6004C54B6 /* Sources */,
				03CFE08027EC46D6004C54B6 /* Frameworks */,
				03CFE08127EC46D6004C54B6 /* Resources */,
				B650905FE71E74109F2F2BD6 /* [CP] Embed Pods Frameworks */,
			);
			buildRules = (
			);
			dependencies = (
				03CFE08527EC46D6004C54B6 /* PBXTargetDependency */,
			);
			name = "Habit ManagementUITests";
			productName = "Habit ManagementUITests";
			productReference = 03CFE08327EC46D6004C54B6 /* Habit ManagementUITests.xctest */;
			productType = "com.apple.product-type.bundle.ui-testing";
		};
/* End PBXNativeTarget section */

/* Begin PBXProject section */
		03CFE05C27EC46D1004C54B6 /* Project object */ = {
			isa = PBXProject;
			attributes = {
				BuildIndependentTargetsInParallel = 1;
				LastSwiftUpdateCheck = 1320;
				LastUpgradeCheck = 1320;
				TargetAttributes = {
					03CFE06327EC46D1004C54B6 = {
						CreatedOnToolsVersion = 13.2.1;
					};
					03CFE07827EC46D6004C54B6 = {
						CreatedOnToolsVersion = 13.2.1;
						TestTargetID = 03CFE06327EC46D1004C54B6;
					};
					03CFE08227EC46D6004C54B6 = {
						CreatedOnToolsVersion = 13.2.1;
						TestTargetID = 03CFE06327EC46D1004C54B6;
					};
				};
			};
			buildConfigurationList = 03CFE05F27EC46D1004C54B6 /* Build configuration list for PBXProject "Habit Management" */;
			compatibilityVersion = "Xcode 13.0";
			developmentRegion = en;
			hasScannedForEncodings = 0;
			knownRegions = (
				en,
				Base,
			);
			mainGroup = 03CFE05B27EC46D1004C54B6;
			packageReferences = (
				03463344289FA7F9000D1E61 /* XCRemoteSwiftPackageReference "firebase-ios-sdk" */,
			);
			productRefGroup = 03CFE06527EC46D1004C54B6 /* Products */;
			projectDirPath = "";
			projectRoot = "";
			targets = (
				03CFE06327EC46D1004C54B6 /* Habit Management */,
				03CFE07827EC46D6004C54B6 /* Habit ManagementTests */,
				03CFE08227EC46D6004C54B6 /* Habit ManagementUITests */,
			);
		};
/* End PBXProject section */

/* Begin PBXResourcesBuildPhase section */
		03CFE06227EC46D1004C54B6 /* Resources */ = {
			isa = PBXResourcesBuildPhase;
			buildActionMask = 2147483647;
			files = (
				03CFE06F27EC46D6004C54B6 /* Preview Assets.xcassets in Resources */,
				03CFE06C27EC46D6004C54B6 /* Assets.xcassets in Resources */,
				03463343289FA695000D1E61 /* GoogleService-Info.plist in Resources */,
			);
			runOnlyForDeploymentPostprocessing = 0;
		};
		03CFE07727EC46D6004C54B6 /* Resources */ = {
			isa = PBXResourcesBuildPhase;
			buildActionMask = 2147483647;
			files = (
			);
			runOnlyForDeploymentPostprocessing = 0;
		};
		03CFE08127EC46D6004C54B6 /* Resources */ = {
			isa = PBXResourcesBuildPhase;
			buildActionMask = 2147483647;
			files = (
			);
			runOnlyForDeploymentPostprocessing = 0;
		};
/* End PBXResourcesBuildPhase section */

/* Begin PBXShellScriptBuildPhase section */
		30612560A48CF562D6C78C2A /* [CP] Check Pods Manifest.lock */ = {
			isa = PBXShellScriptBuildPhase;
			buildActionMask = 2147483647;
			files = (
			);
			inputFileListPaths = (
			);
			inputPaths = (
				"${PODS_PODFILE_DIR_PATH}/Podfile.lock",
				"${PODS_ROOT}/Manifest.lock",
			);
			name = "[CP] Check Pods Manifest.lock";
			outputFileListPaths = (
			);
			outputPaths = (
				"$(DERIVED_FILE_DIR)/Pods-Habit Management-Habit ManagementUITests-checkManifestLockResult.txt",
			);
			runOnlyForDeploymentPostprocessing = 0;
			shellPath = /bin/sh;
			shellScript = "diff \"${PODS_PODFILE_DIR_PATH}/Podfile.lock\" \"${PODS_ROOT}/Manifest.lock\" > /dev/null\nif [ $? != 0 ] ; then\n    # print error to STDERR\n    echo \"error: The sandbox is not in sync with the Podfile.lock. Run 'pod install' or update your CocoaPods installation.\" >&2\n    exit 1\nfi\n# This output is used by Xcode 'outputs' to avoid re-running this script phase.\necho \"SUCCESS\" > \"${SCRIPT_OUTPUT_FILE_0}\"\n";
			showEnvVarsInLog = 0;
		};
		64EA32EC5353C854690F7FC2 /* [CP] Check Pods Manifest.lock */ = {
			isa = PBXShellScriptBuildPhase;
			buildActionMask = 2147483647;
			files = (
			);
			inputFileListPaths = (
			);
			inputPaths = (
				"${PODS_PODFILE_DIR_PATH}/Podfile.lock",
				"${PODS_ROOT}/Manifest.lock",
			);
			name = "[CP] Check Pods Manifest.lock";
			outputFileListPaths = (
			);
			outputPaths = (
				"$(DERIVED_FILE_DIR)/Pods-Habit ManagementTests-checkManifestLockResult.txt",
			);
			runOnlyForDeploymentPostprocessing = 0;
			shellPath = /bin/sh;
			shellScript = "diff \"${PODS_PODFILE_DIR_PATH}/Podfile.lock\" \"${PODS_ROOT}/Manifest.lock\" > /dev/null\nif [ $? != 0 ] ; then\n    # print error to STDERR\n    echo \"error: The sandbox is not in sync with the Podfile.lock. Run 'pod install' or update your CocoaPods installation.\" >&2\n    exit 1\nfi\n# This output is used by Xcode 'outputs' to avoid re-running this script phase.\necho \"SUCCESS\" > \"${SCRIPT_OUTPUT_FILE_0}\"\n";
			showEnvVarsInLog = 0;
		};
		B650905FE71E74109F2F2BD6 /* [CP] Embed Pods Frameworks */ = {
			isa = PBXShellScriptBuildPhase;
			buildActionMask = 2147483647;
			files = (
			);
			inputFileListPaths = (
				"${PODS_ROOT}/Target Support Files/Pods-Habit Management-Habit ManagementUITests/Pods-Habit Management-Habit ManagementUITests-frameworks-${CONFIGURATION}-input-files.xcfilelist",
			);
			name = "[CP] Embed Pods Frameworks";
			outputFileListPaths = (
				"${PODS_ROOT}/Target Support Files/Pods-Habit Management-Habit ManagementUITests/Pods-Habit Management-Habit ManagementUITests-frameworks-${CONFIGURATION}-output-files.xcfilelist",
			);
			runOnlyForDeploymentPostprocessing = 0;
			shellPath = /bin/sh;
			shellScript = "\"${PODS_ROOT}/Target Support Files/Pods-Habit Management-Habit ManagementUITests/Pods-Habit Management-Habit ManagementUITests-frameworks.sh\"\n";
			showEnvVarsInLog = 0;
		};
		F207A1CF83B8CDAE4B43E83D /* [CP] Check Pods Manifest.lock */ = {
			isa = PBXShellScriptBuildPhase;
			buildActionMask = 2147483647;
			files = (
			);
			inputFileListPaths = (
			);
			inputPaths = (
				"${PODS_PODFILE_DIR_PATH}/Podfile.lock",
				"${PODS_ROOT}/Manifest.lock",
			);
			name = "[CP] Check Pods Manifest.lock";
			outputFileListPaths = (
			);
			outputPaths = (
				"$(DERIVED_FILE_DIR)/Pods-Habit Management-checkManifestLockResult.txt",
			);
			runOnlyForDeploymentPostprocessing = 0;
			shellPath = /bin/sh;
			shellScript = "diff \"${PODS_PODFILE_DIR_PATH}/Podfile.lock\" \"${PODS_ROOT}/Manifest.lock\" > /dev/null\nif [ $? != 0 ] ; then\n    # print error to STDERR\n    echo \"error: The sandbox is not in sync with the Podfile.lock. Run 'pod install' or update your CocoaPods installation.\" >&2\n    exit 1\nfi\n# This output is used by Xcode 'outputs' to avoid re-running this script phase.\necho \"SUCCESS\" > \"${SCRIPT_OUTPUT_FILE_0}\"\n";
			showEnvVarsInLog = 0;
		};
		FC5F3A73D428139EA431621A /* [CP] Embed Pods Frameworks */ = {
			isa = PBXShellScriptBuildPhase;
			buildActionMask = 2147483647;
			files = (
			);
			inputFileListPaths = (
				"${PODS_ROOT}/Target Support Files/Pods-Habit Management/Pods-Habit Management-frameworks-${CONFIGURATION}-input-files.xcfilelist",
			);
			name = "[CP] Embed Pods Frameworks";
			outputFileListPaths = (
				"${PODS_ROOT}/Target Support Files/Pods-Habit Management/Pods-Habit Management-frameworks-${CONFIGURATION}-output-files.xcfilelist",
			);
			runOnlyForDeploymentPostprocessing = 0;
			shellPath = /bin/sh;
			shellScript = "\"${PODS_ROOT}/Target Support Files/Pods-Habit Management/Pods-Habit Management-frameworks.sh\"\n";
			showEnvVarsInLog = 0;
		};
/* End PBXShellScriptBuildPhase section */

/* Begin PBXSourcesBuildPhase section */
		03CFE06027EC46D1004C54B6 /* Sources */ = {
			isa = PBXSourcesBuildPhase;
			buildActionMask = 2147483647;
			files = (
				039164E0283120DA00CA0028 /* Total.swift in Sources */,
				03A06E642858F7870069C3CB /* FirstLaunchView.swift in Sources */,
				039164FA283752B900CA0028 /* EditView.swift in Sources */,
				03A06E5E2858D74A0069C3CB /* ReportListView.swift in Sources */,
				0392B4152806BE5B006C1E04 /* Habit.swift in Sources */,
				0392B4172806C444006C1E04 /* Week.swift in Sources */,
				03CFE07127EC46D6004C54B6 /* Persistence.swift in Sources */,
				032EED5A285E252800994E5B /* TextLimiter.swift in Sources */,
				037FFAF7284614F400BD3C0E /* TestView.swift in Sources */,
				032EED5E285E25B400994E5B /* TotalView.swift in Sources */,
				0392B41B28080DA0006C1E04 /* RealmThread.swift in Sources */,
				0392B413280695AD006C1E04 /* ReportView.swift in Sources */,
				032EED5C285E255D00994E5B /* WeekButton.swift in Sources */,
				036D03BA2818384300EE607B /* scrollView.swift in Sources */,
				03CFE07427EC46D6004C54B6 /* Habit_Management.xcdatamodeld in Sources */,
				037FFAFB2847C43D00BD3C0E /* AnimationView.swift in Sources */,
				03DBC285282BAA74000848BF /* Statics.swift in Sources */,
				03DBC27A282111DD000848BF /* StaticsView.swift in Sources */,
				039164DD2830F08D00CA0028 /* ScrollVM.swift in Sources */,
				038FB458280D61F600740AA6 /* HabitVM.swift in Sources */,
				03DBC27C2827C999000848BF /* LessMore.swift in Sources */,
				036D03B12813241000EE607B /* ItemView.swift in Sources */,
				032EED58285E24D000994E5B /* Toast.swift in Sources */,
				03A06E602858D9490069C3CB /* ReportData.swift in Sources */,
				03DBC289282BAB3E000848BF /* StaticVM.swift in Sources */,
				036D03B3281339FD00EE607B /* CompletedList.swift in Sources */,
				03A06E622858ED0B0069C3CB /* ContentView.swift in Sources */,
				0392B41928080A7F006C1E04 /* RealmManager.swift in Sources */,
				03CFE06A27EC46D1004C54B6 /* MainView.swift in Sources */,
				036D03B728145D9700EE607B /* ScrollData.swift in Sources */,
				03CFE0DD27F58D3F004C54B6 /* AddView.swift in Sources */,
				039164E22831213000CA0028 /* Month.swift in Sources */,
				037FFAEC28421AE800BD3C0E /* Setting.swift in Sources */,
				036D03B528133CB300EE607B /* compltedLIstVM.swift in Sources */,
				03DBC2812827CF2F000848BF /* Graph.swift in Sources */,
				03CFE06827EC46D1004C54B6 /* Habit_ManagementApp.swift in Sources */,
				0346333628913B24000D1E61 /* NotificationCenterManager.swift in Sources */,
			);
			runOnlyForDeploymentPostprocessing = 0;
		};
		03CFE07527EC46D6004C54B6 /* Sources */ = {
			isa = PBXSourcesBuildPhase;
			buildActionMask = 2147483647;
			files = (
				03CFE07E27EC46D6004C54B6 /* Habit_ManagementTests.swift in Sources */,
			);
			runOnlyForDeploymentPostprocessing = 0;
		};
		03CFE07F27EC46D6004C54B6 /* Sources */ = {
			isa = PBXSourcesBuildPhase;
			buildActionMask = 2147483647;
			files = (
				03CFE08A27EC46D6004C54B6 /* Habit_ManagementUITestsLaunchTests.swift in Sources */,
				03CFE08827EC46D6004C54B6 /* Habit_ManagementUITests.swift in Sources */,
			);
			runOnlyForDeploymentPostprocessing = 0;
		};
/* End PBXSourcesBuildPhase section */

/* Begin PBXTargetDependency section */
		03CFE07B27EC46D6004C54B6 /* PBXTargetDependency */ = {
			isa = PBXTargetDependency;
			target = 03CFE06327EC46D1004C54B6 /* Habit Management */;
			targetProxy = 03CFE07A27EC46D6004C54B6 /* PBXContainerItemProxy */;
		};
		03CFE08527EC46D6004C54B6 /* PBXTargetDependency */ = {
			isa = PBXTargetDependency;
			target = 03CFE06327EC46D1004C54B6 /* Habit Management */;
			targetProxy = 03CFE08427EC46D6004C54B6 /* PBXContainerItemProxy */;
		};
/* End PBXTargetDependency section */

/* Begin XCBuildConfiguration section */
		03CFE08B27EC46D6004C54B6 /* Debug */ = {
			isa = XCBuildConfiguration;
			buildSettings = {
				ALWAYS_SEARCH_USER_PATHS = YES;
				CLANG_ANALYZER_NONNULL = YES;
				CLANG_ANALYZER_NUMBER_OBJECT_CONVERSION = YES_AGGRESSIVE;
				CLANG_CXX_LANGUAGE_STANDARD = "gnu++17";
				CLANG_CXX_LIBRARY = "libc++";
				CLANG_ENABLE_MODULES = YES;
				CLANG_ENABLE_OBJC_ARC = YES;
				CLANG_ENABLE_OBJC_WEAK = YES;
				CLANG_WARN_BLOCK_CAPTURE_AUTORELEASING = YES;
				CLANG_WARN_BOOL_CONVERSION = YES;
				CLANG_WARN_COMMA = YES;
				CLANG_WARN_CONSTANT_CONVERSION = YES;
				CLANG_WARN_DEPRECATED_OBJC_IMPLEMENTATIONS = YES;
				CLANG_WARN_DIRECT_OBJC_ISA_USAGE = YES_ERROR;
				CLANG_WARN_DOCUMENTATION_COMMENTS = YES;
				CLANG_WARN_EMPTY_BODY = YES;
				CLANG_WARN_ENUM_CONVERSION = YES;
				CLANG_WARN_INFINITE_RECURSION = YES;
				CLANG_WARN_INT_CONVERSION = YES;
				CLANG_WARN_NON_LITERAL_NULL_CONVERSION = YES;
				CLANG_WARN_OBJC_IMPLICIT_RETAIN_SELF = YES;
				CLANG_WARN_OBJC_LITERAL_CONVERSION = YES;
				CLANG_WARN_OBJC_ROOT_CLASS = YES_ERROR;
				CLANG_WARN_QUOTED_INCLUDE_IN_FRAMEWORK_HEADER = YES;
				CLANG_WARN_RANGE_LOOP_ANALYSIS = YES;
				CLANG_WARN_STRICT_PROTOTYPES = YES;
				CLANG_WARN_SUSPICIOUS_MOVE = YES;
				CLANG_WARN_UNGUARDED_AVAILABILITY = YES_AGGRESSIVE;
				CLANG_WARN_UNREACHABLE_CODE = YES;
				CLANG_WARN__DUPLICATE_METHOD_MATCH = YES;
				COPY_PHASE_STRIP = NO;
				DEBUG_INFORMATION_FORMAT = dwarf;
				ENABLE_STRICT_OBJC_MSGSEND = YES;
				ENABLE_TESTABILITY = YES;
				GCC_C_LANGUAGE_STANDARD = gnu11;
				GCC_DYNAMIC_NO_PIC = NO;
				GCC_NO_COMMON_BLOCKS = YES;
				GCC_OPTIMIZATION_LEVEL = 0;
				GCC_PREPROCESSOR_DEFINITIONS = (
					"DEBUG=1",
					"$(inherited)",
				);
				GCC_WARN_64_TO_32_BIT_CONVERSION = YES;
				GCC_WARN_ABOUT_RETURN_TYPE = YES_ERROR;
				GCC_WARN_UNDECLARED_SELECTOR = YES;
				GCC_WARN_UNINITIALIZED_AUTOS = YES_AGGRESSIVE;
				GCC_WARN_UNUSED_FUNCTION = YES;
				GCC_WARN_UNUSED_VARIABLE = YES;
				INFOPLIST_KEY_LSSupportsOpeningDocumentsInPlace = YES;
				INFOPLIST_KEY_UISupportsDocumentBrowser = YES;
				IPHONEOS_DEPLOYMENT_TARGET = 15.2;
				MTL_ENABLE_DEBUG_INFO = INCLUDE_SOURCE;
				MTL_FAST_MATH = YES;
				ONLY_ACTIVE_ARCH = YES;
				SDKROOT = iphoneos;
				SWIFT_ACTIVE_COMPILATION_CONDITIONS = DEBUG;
				SWIFT_OPTIMIZATION_LEVEL = "-Onone";
			};
			name = Debug;
		};
		03CFE08C27EC46D6004C54B6 /* Release */ = {
			isa = XCBuildConfiguration;
			buildSettings = {
				ALWAYS_SEARCH_USER_PATHS = YES;
				CLANG_ANALYZER_NONNULL = YES;
				CLANG_ANALYZER_NUMBER_OBJECT_CONVERSION = YES_AGGRESSIVE;
				CLANG_CXX_LANGUAGE_STANDARD = "gnu++17";
				CLANG_CXX_LIBRARY = "libc++";
				CLANG_ENABLE_MODULES = YES;
				CLANG_ENABLE_OBJC_ARC = YES;
				CLANG_ENABLE_OBJC_WEAK = YES;
				CLANG_WARN_BLOCK_CAPTURE_AUTORELEASING = YES;
				CLANG_WARN_BOOL_CONVERSION = YES;
				CLANG_WARN_COMMA = YES;
				CLANG_WARN_CONSTANT_CONVERSION = YES;
				CLANG_WARN_DEPRECATED_OBJC_IMPLEMENTATIONS = YES;
				CLANG_WARN_DIRECT_OBJC_ISA_USAGE = YES_ERROR;
				CLANG_WARN_DOCUMENTATION_COMMENTS = YES;
				CLANG_WARN_EMPTY_BODY = YES;
				CLANG_WARN_ENUM_CONVERSION = YES;
				CLANG_WARN_INFINITE_RECURSION = YES;
				CLANG_WARN_INT_CONVERSION = YES;
				CLANG_WARN_NON_LITERAL_NULL_CONVERSION = YES;
				CLANG_WARN_OBJC_IMPLICIT_RETAIN_SELF = YES;
				CLANG_WARN_OBJC_LITERAL_CONVERSION = YES;
				CLANG_WARN_OBJC_ROOT_CLASS = YES_ERROR;
				CLANG_WARN_QUOTED_INCLUDE_IN_FRAMEWORK_HEADER = YES;
				CLANG_WARN_RANGE_LOOP_ANALYSIS = YES;
				CLANG_WARN_STRICT_PROTOTYPES = YES;
				CLANG_WARN_SUSPICIOUS_MOVE = YES;
				CLANG_WARN_UNGUARDED_AVAILABILITY = YES_AGGRESSIVE;
				CLANG_WARN_UNREACHABLE_CODE = YES;
				CLANG_WARN__DUPLICATE_METHOD_MATCH = YES;
				COPY_PHASE_STRIP = NO;
				DEBUG_INFORMATION_FORMAT = "dwarf-with-dsym";
				ENABLE_NS_ASSERTIONS = NO;
				ENABLE_STRICT_OBJC_MSGSEND = YES;
				GCC_C_LANGUAGE_STANDARD = gnu11;
				GCC_NO_COMMON_BLOCKS = YES;
				GCC_WARN_64_TO_32_BIT_CONVERSION = YES;
				GCC_WARN_ABOUT_RETURN_TYPE = YES_ERROR;
				GCC_WARN_UNDECLARED_SELECTOR = YES;
				GCC_WARN_UNINITIALIZED_AUTOS = YES_AGGRESSIVE;
				GCC_WARN_UNUSED_FUNCTION = YES;
				GCC_WARN_UNUSED_VARIABLE = YES;
				INFOPLIST_KEY_LSSupportsOpeningDocumentsInPlace = YES;
				INFOPLIST_KEY_UISupportsDocumentBrowser = YES;
				IPHONEOS_DEPLOYMENT_TARGET = 15.2;
				MTL_ENABLE_DEBUG_INFO = NO;
				MTL_FAST_MATH = YES;
				SDKROOT = iphoneos;
				SWIFT_COMPILATION_MODE = wholemodule;
				SWIFT_OPTIMIZATION_LEVEL = "-O";
				VALIDATE_PRODUCT = YES;
			};
			name = Release;
		};
		03CFE08E27EC46D6004C54B6 /* Debug */ = {
			isa = XCBuildConfiguration;
			baseConfigurationReference = EDFF3B866A9082ED02432282 /* Pods-Habit Management.debug.xcconfig */;
			buildSettings = {
				ASSETCATALOG_COMPILER_APPICON_NAME = AppIcon;
				ASSETCATALOG_COMPILER_GLOBAL_ACCENT_COLOR_NAME = AccentColor;
				CODE_SIGN_STYLE = Automatic;
				CURRENT_PROJECT_VERSION = 1;
				DEVELOPMENT_ASSET_PATHS = "\"Habit Management/Preview Content\"";
				DEVELOPMENT_TEAM = F2YB4PBTB4;
				ENABLE_PREVIEWS = YES;
				GCC_SYMBOLS_PRIVATE_EXTERN = YES;
				GENERATE_INFOPLIST_FILE = YES;
				INFOPLIST_FILE = "Habit-Management-Info.plist";
				INFOPLIST_KEY_LSSupportsOpeningDocumentsInPlace = YES;
				INFOPLIST_KEY_UIApplicationSceneManifest_Generation = YES;
				INFOPLIST_KEY_UIApplicationSupportsIndirectInputEvents = YES;
				INFOPLIST_KEY_UILaunchScreen_Generation = YES;
				INFOPLIST_KEY_UISupportedInterfaceOrientations = UIInterfaceOrientationPortrait;
				INFOPLIST_KEY_UISupportedInterfaceOrientations_iPad = "UIInterfaceOrientationPortrait UIInterfaceOrientationPortraitUpsideDown UIInterfaceOrientationLandscapeLeft UIInterfaceOrientationLandscapeRight";
				INFOPLIST_KEY_UISupportedInterfaceOrientations_iPhone = "UIInterfaceOrientationPortrait UIInterfaceOrientationLandscapeLeft UIInterfaceOrientationLandscapeRight";
				INFOPLIST_KEY_UISupportsDocumentBrowser = YES;
				INFOPLIST_KEY_UIUserInterfaceStyle = Light;
				LD_RUNPATH_SEARCH_PATHS = (
					"$(inherited)",
					"@executable_path/Frameworks",
				);
				MARKETING_VERSION = 1.0;
				PRODUCT_BUNDLE_IDENTIFIER = "sujin.Habit-Management";
				PRODUCT_NAME = "$(TARGET_NAME)";
				SWIFT_EMIT_LOC_STRINGS = YES;
				SWIFT_VERSION = 5.0;
				TARGETED_DEVICE_FAMILY = 1;
			};
			name = Debug;
		};
		03CFE08F27EC46D6004C54B6 /* Release */ = {
			isa = XCBuildConfiguration;
			baseConfigurationReference = 00AABC6128360E166803BD07 /* Pods-Habit Management.release.xcconfig */;
			buildSettings = {
				ASSETCATALOG_COMPILER_APPICON_NAME = AppIcon;
				ASSETCATALOG_COMPILER_GLOBAL_ACCENT_COLOR_NAME = AccentColor;
				CODE_SIGN_STYLE = Automatic;
				CURRENT_PROJECT_VERSION = 1;
				DEVELOPMENT_ASSET_PATHS = "\"Habit Management/Preview Content\"";
				DEVELOPMENT_TEAM = F2YB4PBTB4;
				ENABLE_PREVIEWS = YES;
				GCC_SYMBOLS_PRIVATE_EXTERN = YES;
				GENERATE_INFOPLIST_FILE = YES;
				INFOPLIST_FILE = "Habit-Management-Info.plist";
				INFOPLIST_KEY_LSSupportsOpeningDocumentsInPlace = YES;
				INFOPLIST_KEY_UIApplicationSceneManifest_Generation = YES;
				INFOPLIST_KEY_UIApplicationSupportsIndirectInputEvents = YES;
				INFOPLIST_KEY_UILaunchScreen_Generation = YES;
				INFOPLIST_KEY_UISupportedInterfaceOrientations = UIInterfaceOrientationPortrait;
				INFOPLIST_KEY_UISupportedInterfaceOrientations_iPad = "UIInterfaceOrientationPortrait UIInterfaceOrientationPortraitUpsideDown UIInterfaceOrientationLandscapeLeft UIInterfaceOrientationLandscapeRight";
				INFOPLIST_KEY_UISupportedInterfaceOrientations_iPhone = "UIInterfaceOrientationPortrait UIInterfaceOrientationLandscapeLeft UIInterfaceOrientationLandscapeRight";
				INFOPLIST_KEY_UISupportsDocumentBrowser = YES;
				INFOPLIST_KEY_UIUserInterfaceStyle = Light;
				LD_RUNPATH_SEARCH_PATHS = (
					"$(inherited)",
					"@executable_path/Frameworks",
				);
				MARKETING_VERSION = 1.0;
				PRODUCT_BUNDLE_IDENTIFIER = "sujin.Habit-Management";
				PRODUCT_NAME = "$(TARGET_NAME)";
				SWIFT_EMIT_LOC_STRINGS = YES;
				SWIFT_VERSION = 5.0;
				TARGETED_DEVICE_FAMILY = 1;
			};
			name = Release;
		};
		03CFE09127EC46D6004C54B6 /* Debug */ = {
			isa = XCBuildConfiguration;
			baseConfigurationReference = C1785FC2FF4E53DFD4EBF7A4 /* Pods-Habit ManagementTests.debug.xcconfig */;
			buildSettings = {
				ALWAYS_EMBED_SWIFT_STANDARD_LIBRARIES = YES;
				BUNDLE_LOADER = "$(TEST_HOST)";
				CODE_SIGN_STYLE = Automatic;
				CURRENT_PROJECT_VERSION = 1;
				DEVELOPMENT_TEAM = F2YB4PBTB4;
				GENERATE_INFOPLIST_FILE = YES;
				IPHONEOS_DEPLOYMENT_TARGET = 15.2;
				MARKETING_VERSION = 1.0;
				PRODUCT_BUNDLE_IDENTIFIER = "sujin.Habit-ManagementTests";
				PRODUCT_NAME = "$(TARGET_NAME)";
				SWIFT_EMIT_LOC_STRINGS = NO;
				SWIFT_VERSION = 5.0;
				TARGETED_DEVICE_FAMILY = "1,2";
				TEST_HOST = "$(BUILT_PRODUCTS_DIR)/Habit Management.app/Habit Management";
			};
			name = Debug;
		};
		03CFE09227EC46D6004C54B6 /* Release */ = {
			isa = XCBuildConfiguration;
			baseConfigurationReference = 8CAE1D3E970C585D984D2C0A /* Pods-Habit ManagementTests.release.xcconfig */;
			buildSettings = {
				ALWAYS_EMBED_SWIFT_STANDARD_LIBRARIES = YES;
				BUNDLE_LOADER = "$(TEST_HOST)";
				CODE_SIGN_STYLE = Automatic;
				CURRENT_PROJECT_VERSION = 1;
				DEVELOPMENT_TEAM = F2YB4PBTB4;
				GENERATE_INFOPLIST_FILE = YES;
				IPHONEOS_DEPLOYMENT_TARGET = 15.2;
				MARKETING_VERSION = 1.0;
				PRODUCT_BUNDLE_IDENTIFIER = "sujin.Habit-ManagementTests";
				PRODUCT_NAME = "$(TARGET_NAME)";
				SWIFT_EMIT_LOC_STRINGS = NO;
				SWIFT_VERSION = 5.0;
				TARGETED_DEVICE_FAMILY = "1,2";
				TEST_HOST = "$(BUILT_PRODUCTS_DIR)/Habit Management.app/Habit Management";
			};
			name = Release;
		};
		03CFE09427EC46D6004C54B6 /* Debug */ = {
			isa = XCBuildConfiguration;
			baseConfigurationReference = 401E6E5122DBF10BBCEDD366 /* Pods-Habit Management-Habit ManagementUITests.debug.xcconfig */;
			buildSettings = {
				ALWAYS_EMBED_SWIFT_STANDARD_LIBRARIES = YES;
				CODE_SIGN_STYLE = Automatic;
				CURRENT_PROJECT_VERSION = 1;
				DEVELOPMENT_TEAM = F2YB4PBTB4;
				GENERATE_INFOPLIST_FILE = YES;
				MARKETING_VERSION = 1.0;
				PRODUCT_BUNDLE_IDENTIFIER = "sujin.Habit-ManagementUITests";
				PRODUCT_NAME = "$(TARGET_NAME)";
				SWIFT_EMIT_LOC_STRINGS = NO;
				SWIFT_VERSION = 5.0;
				TARGETED_DEVICE_FAMILY = "1,2";
				TEST_TARGET_NAME = "Habit Management";
			};
			name = Debug;
		};
		03CFE09527EC46D6004C54B6 /* Release */ = {
			isa = XCBuildConfiguration;
			baseConfigurationReference = 400D3B7BD7BFB1207BEC7302 /* Pods-Habit Management-Habit ManagementUITests.release.xcconfig */;
			buildSettings = {
				ALWAYS_EMBED_SWIFT_STANDARD_LIBRARIES = YES;
				CODE_SIGN_STYLE = Automatic;
				CURRENT_PROJECT_VERSION = 1;
				DEVELOPMENT_TEAM = F2YB4PBTB4;
				GENERATE_INFOPLIST_FILE = YES;
				MARKETING_VERSION = 1.0;
				PRODUCT_BUNDLE_IDENTIFIER = "sujin.Habit-ManagementUITests";
				PRODUCT_NAME = "$(TARGET_NAME)";
				SWIFT_EMIT_LOC_STRINGS = NO;
				SWIFT_VERSION = 5.0;
				TARGETED_DEVICE_FAMILY = "1,2";
				TEST_TARGET_NAME = "Habit Management";
			};
			name = Release;
		};
/* End XCBuildConfiguration section */

/* Begin XCConfigurationList section */
		03CFE05F27EC46D1004C54B6 /* Build configuration list for PBXProject "Habit Management" */ = {
			isa = XCConfigurationList;
			buildConfigurations = (
				03CFE08B27EC46D6004C54B6 /* Debug */,
				03CFE08C27EC46D6004C54B6 /* Release */,
			);
			defaultConfigurationIsVisible = 0;
			defaultConfigurationName = Release;
		};
		03CFE08D27EC46D6004C54B6 /* Build configuration list for PBXNativeTarget "Habit Management" */ = {
			isa = XCConfigurationList;
			buildConfigurations = (
				03CFE08E27EC46D6004C54B6 /* Debug */,
				03CFE08F27EC46D6004C54B6 /* Release */,
			);
			defaultConfigurationIsVisible = 0;
			defaultConfigurationName = Release;
		};
		03CFE09027EC46D6004C54B6 /* Build configuration list for PBXNativeTarget "Habit ManagementTests" */ = {
			isa = XCConfigurationList;
			buildConfigurations = (
				03CFE09127EC46D6004C54B6 /* Debug */,
				03CFE09227EC46D6004C54B6 /* Release */,
			);
			defaultConfigurationIsVisible = 0;
			defaultConfigurationName = Release;
		};
		03CFE09327EC46D6004C54B6 /* Build configuration list for PBXNativeTarget "Habit ManagementUITests" */ = {
			isa = XCConfigurationList;
			buildConfigurations = (
				03CFE09427EC46D6004C54B6 /* Debug */,
				03CFE09527EC46D6004C54B6 /* Release */,
			);
			defaultConfigurationIsVisible = 0;
			defaultConfigurationName = Release;
		};
/* End XCConfigurationList section */

/* Begin XCRemoteSwiftPackageReference section */
		03463344289FA7F9000D1E61 /* XCRemoteSwiftPackageReference "firebase-ios-sdk" */ = {
			isa = XCRemoteSwiftPackageReference;
			repositoryURL = "https://github.com/firebase/firebase-ios-sdk";
			requirement = {
				kind = upToNextMajorVersion;
				minimumVersion = 9.0.0;
			};
		};
/* End XCRemoteSwiftPackageReference section */

/* Begin XCSwiftPackageProductDependency section */
		03463345289FA7F9000D1E61 /* FirebaseAnalytics */ = {
			isa = XCSwiftPackageProductDependency;
			package = 03463344289FA7F9000D1E61 /* XCRemoteSwiftPackageReference "firebase-ios-sdk" */;
			productName = FirebaseAnalytics;
		};
		03463347289FA7F9000D1E61 /* FirebaseAnalyticsSwift */ = {
			isa = XCSwiftPackageProductDependency;
			package = 03463344289FA7F9000D1E61 /* XCRemoteSwiftPackageReference "firebase-ios-sdk" */;
			productName = FirebaseAnalyticsSwift;
		};
		03463349289FA7F9000D1E61 /* FirebaseDatabase */ = {
			isa = XCSwiftPackageProductDependency;
			package = 03463344289FA7F9000D1E61 /* XCRemoteSwiftPackageReference "firebase-ios-sdk" */;
			productName = FirebaseDatabase;
		};
		0346334B289FA7F9000D1E61 /* FirebaseDatabaseSwift */ = {
			isa = XCSwiftPackageProductDependency;
			package = 03463344289FA7F9000D1E61 /* XCRemoteSwiftPackageReference "firebase-ios-sdk" */;
			productName = FirebaseDatabaseSwift;
		};
		039165022837650100CA0028 /* PartialSheet */ = {
			isa = XCSwiftPackageProductDependency;
			productName = PartialSheet;
		};
		039165072837744900CA0028 /* ActionSheetCard */ = {
			isa = XCSwiftPackageProductDependency;
			productName = ActionSheetCard;
		};
/* End XCSwiftPackageProductDependency section */

/* Begin XCVersionGroup section */
		03CFE07227EC46D6004C54B6 /* Habit_Management.xcdatamodeld */ = {
			isa = XCVersionGroup;
			children = (
				03CFE07327EC46D6004C54B6 /* Habit_Management.xcdatamodel */,
			);
			currentVersion = 03CFE07327EC46D6004C54B6 /* Habit_Management.xcdatamodel */;
			path = Habit_Management.xcdatamodeld;
			sourceTree = "<group>";
			versionGroupType = wrapper.xcdatamodel;
		};
/* End XCVersionGroup section */
	};
	rootObject = 03CFE05C27EC46D1004C54B6 /* Project object */;
}
