// !$*UTF8*$!
{
	archiveVersion = 1;
	classes = {
	};
	objectVersion = 60;
	objects = {

/* Begin PBXBuildFile section */
		032EED58285E24D000994E5B /* Toast.swift in Sources */ = {isa = PBXBuildFile; fileRef = 032EED57285E24D000994E5B /* Toast.swift */; };
		032EED5A285E252800994E5B /* TextLimiter.swift in Sources */ = {isa = PBXBuildFile; fileRef = 032EED59285E252800994E5B /* TextLimiter.swift */; };
		032EED5C285E255D00994E5B /* WeekButton.swift in Sources */ = {isa = PBXBuildFile; fileRef = 032EED5B285E255D00994E5B /* WeekButton.swift */; };
		0346333628913B24000D1E61 /* NotificationCenterManager.swift in Sources */ = {isa = PBXBuildFile; fileRef = 0346333528913B24000D1E61 /* NotificationCenterManager.swift */; };
		03463346289FA7F9000D1E61 /* FirebaseAnalytics in Frameworks */ = {isa = PBXBuildFile; productRef = 03463345289FA7F9000D1E61 /* FirebaseAnalytics */; };
		03463348289FA7F9000D1E61 /* FirebaseAnalyticsSwift in Frameworks */ = {isa = PBXBuildFile; productRef = 03463347289FA7F9000D1E61 /* FirebaseAnalyticsSwift */; };
		0346334A289FA7F9000D1E61 /* FirebaseDatabase in Frameworks */ = {isa = PBXBuildFile; productRef = 03463349289FA7F9000D1E61 /* FirebaseDatabase */; };
		0346334C289FA7F9000D1E61 /* FirebaseDatabaseSwift in Frameworks */ = {isa = PBXBuildFile; productRef = 0346334B289FA7F9000D1E61 /* FirebaseDatabaseSwift */; };
		0368CBE62DF8BF090086E95B /* GoogleService-Info.plist in Resources */ = {isa = PBXBuildFile; fileRef = 0368CBE52DF8BF090086E95B /* GoogleService-Info.plist */; };
		036D03B12813241000EE607B /* ItemView.swift in Sources */ = {isa = PBXBuildFile; fileRef = 036D03B02813241000EE607B /* ItemView.swift */; };
		036D03B528133CB300EE607B /* compltedLIstVM.swift in Sources */ = {isa = PBXBuildFile; fileRef = 036D03B428133CB300EE607B /* compltedLIstVM.swift */; };
		037FFAEC28421AE800BD3C0E /* Setting.swift in Sources */ = {isa = PBXBuildFile; fileRef = 037FFAEB28421AE800BD3C0E /* Setting.swift */; };
		037FFAF7284614F400BD3C0E /* TestView.swift in Sources */ = {isa = PBXBuildFile; fileRef = 037FFAF6284614F400BD3C0E /* TestView.swift */; };
		038FB458280D61F600740AA6 /* HabitVM.swift in Sources */ = {isa = PBXBuildFile; fileRef = 038FB457280D61F600740AA6 /* HabitVM.swift */; };
		039164E0283120DA00CA0028 /* Total.swift in Sources */ = {isa = PBXBuildFile; fileRef = 039164DF283120DA00CA0028 /* Total.swift */; };
		039164E22831213000CA0028 /* Month.swift in Sources */ = {isa = PBXBuildFile; fileRef = 039164E12831213000CA0028 /* Month.swift */; };
		039164FA283752B900CA0028 /* EditView.swift in Sources */ = {isa = PBXBuildFile; fileRef = 039164F9283752B900CA0028 /* EditView.swift */; };
		039165032837650100CA0028 /* PartialSheet in Frameworks */ = {isa = PBXBuildFile; productRef = 039165022837650100CA0028 /* PartialSheet */; };
		039165082837744900CA0028 /* ActionSheetCard in Frameworks */ = {isa = PBXBuildFile; productRef = 039165072837744900CA0028 /* ActionSheetCard */; };
		0392B4172806C444006C1E04 /* Week.swift in Sources */ = {isa = PBXBuildFile; fileRef = 0392B4162806C444006C1E04 /* Week.swift */; };
		0392B41928080A7F006C1E04 /* RealmManager.swift in Sources */ = {isa = PBXBuildFile; fileRef = 0392B41828080A7F006C1E04 /* RealmManager.swift */; };
		0392B41B28080DA0006C1E04 /* RealmThread.swift in Sources */ = {isa = PBXBuildFile; fileRef = 0392B41A28080DA0006C1E04 /* RealmThread.swift */; };
		039E8CB52DD3917C005BC622 /* SwiftProtobuf in Frameworks */ = {isa = PBXBuildFile; productRef = 039E8CB42DD3917C005BC622 /* SwiftProtobuf */; };
		039E8CB72DD3917C005BC622 /* SwiftProtobufPluginLibrary in Frameworks */ = {isa = PBXBuildFile; productRef = 039E8CB62DD3917C005BC622 /* SwiftProtobufPluginLibrary */; };
		039E8CB92DD3917C005BC622 /* protoc-gen-swift in Frameworks */ = {isa = PBXBuildFile; productRef = 039E8CB82DD3917C005BC622 /* protoc-gen-swift */; };
		039E8CBC2DD391A8005BC622 /* PartialSheet in Frameworks */ = {isa = PBXBuildFile; productRef = 039E8CBB2DD391A8005BC622 /* PartialSheet */; };
		039E8CBF2DD392C8005BC622 /* ActionSheetCard in Frameworks */ = {isa = PBXBuildFile; productRef = 039E8CBE2DD392C8005BC622 /* ActionSheetCard */; };
		039E8CC22DD396A7005BC622 /* Realm in Frameworks */ = {isa = PBXBuildFile; productRef = 039E8CC12DD396A7005BC622 /* Realm */; };
		039E8CC42DD396A7005BC622 /* RealmSwift in Frameworks */ = {isa = PBXBuildFile; productRef = 039E8CC32DD396A7005BC622 /* RealmSwift */; };
		039E8CD42DDCC1F7005BC622 /* ComposableArchitecture in Frameworks */ = {isa = PBXBuildFile; productRef = 039E8CD32DDCC1F7005BC622 /* ComposableArchitecture */; };
		03A06E622858ED0B0069C3CB /* ContentView.swift in Sources */ = {isa = PBXBuildFile; fileRef = 03A06E612858ED0B0069C3CB /* ContentView.swift */; };
		03A06E642858F7870069C3CB /* FirstLaunchView.swift in Sources */ = {isa = PBXBuildFile; fileRef = 03A06E632858F7870069C3CB /* FirstLaunchView.swift */; };
		03CFE06827EC46D1004C54B6 /* Habit_ManagementApp.swift in Sources */ = {isa = PBXBuildFile; fileRef = 03CFE06727EC46D1004C54B6 /* Habit_ManagementApp.swift */; };
		03CFE06A27EC46D1004C54B6 /* MainView.swift in Sources */ = {isa = PBXBuildFile; fileRef = 03CFE06927EC46D1004C54B6 /* MainView.swift */; };
		03CFE06C27EC46D6004C54B6 /* Assets.xcassets in Resources */ = {isa = PBXBuildFile; fileRef = 03CFE06B27EC46D6004C54B6 /* Assets.xcassets */; };
		03CFE06F27EC46D6004C54B6 /* Preview Assets.xcassets in Resources */ = {isa = PBXBuildFile; fileRef = 03CFE06E27EC46D6004C54B6 /* Preview Assets.xcassets */; };
		03CFE07127EC46D6004C54B6 /* Persistence.swift in Sources */ = {isa = PBXBuildFile; fileRef = 03CFE07027EC46D6004C54B6 /* Persistence.swift */; };
		03CFE07427EC46D6004C54B6 /* Habit_Management.xcdatamodeld in Sources */ = {isa = PBXBuildFile; fileRef = 03CFE07227EC46D6004C54B6 /* Habit_Management.xcdatamodeld */; };
		03CFE07E27EC46D6004C54B6 /* Habit_ManagementTests.swift in Sources */ = {isa = PBXBuildFile; fileRef = 03CFE07D27EC46D6004C54B6 /* Habit_ManagementTests.swift */; };
		03CFE08827EC46D6004C54B6 /* Habit_ManagementUITests.swift in Sources */ = {isa = PBXBuildFile; fileRef = 03CFE08727EC46D6004C54B6 /* Habit_ManagementUITests.swift */; };
		03CFE08A27EC46D6004C54B6 /* Habit_ManagementUITestsLaunchTests.swift in Sources */ = {isa = PBXBuildFile; fileRef = 03CFE08927EC46D6004C54B6 /* Habit_ManagementUITestsLaunchTests.swift */; };
		03CFE0DD27F58D3F004C54B6 /* AddView.swift in Sources */ = {isa = PBXBuildFile; fileRef = 03CFE0DC27F58D3F004C54B6 /* AddView.swift */; };
		03DBC289282BAB3E000848BF /* StaticVM.swift in Sources */ = {isa = PBXBuildFile; fileRef = 03DBC288282BAB3E000848BF /* StaticVM.swift */; };
		4E3381832DF69033002849DB /* HabitHeaderView.swift in Sources */ = {isa = PBXBuildFile; fileRef = 4E3381822DF69033002849DB /* HabitHeaderView.swift */; };
		4E3381852DF694CF002849DB /* HabitBackgroundView.swift in Sources */ = {isa = PBXBuildFile; fileRef = 4E3381842DF694CF002849DB /* HabitBackgroundView.swift */; };
		4E3381882DF70ECA002849DB /* HabitHeaderFeature.swift in Sources */ = {isa = PBXBuildFile; fileRef = 4E3381872DF70ECA002849DB /* HabitHeaderFeature.swift */; };
		4E3381AF2DF7E6AA002849DB /* FillColorModifier.swift in Sources */ = {isa = PBXBuildFile; fileRef = 4E3381AE2DF7E6AA002849DB /* FillColorModifier.swift */; };
		4E3382932DFB0A5B002849DB /* CalendarFeature.swift in Sources */ = {isa = PBXBuildFile; fileRef = 4E3382922DFB0A5B002849DB /* CalendarFeature.swift */; };
		4E3382962DFB0AF2002849DB /* CalendarBackgroundView.swift in Sources */ = {isa = PBXBuildFile; fileRef = 4E3382952DFB0AF2002849DB /* CalendarBackgroundView.swift */; };
		4E3383792DFBD3E4002849DB /* CalendarMonthFeature.swift in Sources */ = {isa = PBXBuildFile; fileRef = 4E3383782DFBD3E4002849DB /* CalendarMonthFeature.swift */; };
		4E33837C2DFD632B002849DB /* CalendarGridFeature.swift in Sources */ = {isa = PBXBuildFile; fileRef = 4E33837B2DFD632B002849DB /* CalendarGridFeature.swift */; };
		4E3384122DFEAFFE002849DB /* CalendarScrollView.swift in Sources */ = {isa = PBXBuildFile; fileRef = 4E3384112DFEAFFE002849DB /* CalendarScrollView.swift */; };
		4E3384152DFED181002849DB /* HabitToggleView.swift in Sources */ = {isa = PBXBuildFile; fileRef = 4E3384142DFED181002849DB /* HabitToggleView.swift */; };
		4E3384172DFED3BD002849DB /* HabitToggleFeature.swift in Sources */ = {isa = PBXBuildFile; fileRef = 4E3384162DFED3BD002849DB /* HabitToggleFeature.swift */; };
		4E48FA852DF45DF200BA7EA6 /* RoundedCorner.swift in Sources */ = {isa = PBXBuildFile; fileRef = 4E48FA7B2DF45DF200BA7EA6 /* RoundedCorner.swift */; };
		4E48FA862DF45DF200BA7EA6 /* Color.swift in Sources */ = {isa = PBXBuildFile; fileRef = 4E48FA7D2DF45DF200BA7EA6 /* Color.swift */; };
		4E48FA872DF45DF200BA7EA6 /* DateFormatter.swift in Sources */ = {isa = PBXBuildFile; fileRef = 4E48FA7E2DF45DF200BA7EA6 /* DateFormatter.swift */; };
		4E48FA882DF45DF200BA7EA6 /* DependencyValues.swift in Sources */ = {isa = PBXBuildFile; fileRef = 4E48FA7F2DF45DF200BA7EA6 /* DependencyValues.swift */; };
		4E48FA892DF45DF200BA7EA6 /* View.swift in Sources */ = {isa = PBXBuildFile; fileRef = 4E48FA802DF45DF200BA7EA6 /* View.swift */; };
		4E48FA8A2DF45DF200BA7EA6 /* FrameModifier.swift in Sources */ = {isa = PBXBuildFile; fileRef = 4E48FA822DF45DF200BA7EA6 /* FrameModifier.swift */; };
		4E48FA8D2DF45DF700BA7EA6 /* AppFeature.swift in Sources */ = {isa = PBXBuildFile; fileRef = 4E48FA8B2DF45DF700BA7EA6 /* AppFeature.swift */; };
		4E48FAAC2DF45DFA00BA7EA6 /* CompletionClient.swift in Sources */ = {isa = PBXBuildFile; fileRef = 4E48FA8E2DF45DFA00BA7EA6 /* CompletionClient.swift */; };
		4E48FAAD2DF45DFA00BA7EA6 /* CompletionFeature.swift in Sources */ = {isa = PBXBuildFile; fileRef = 4E48FA8F2DF45DFA00BA7EA6 /* CompletionFeature.swift */; };
		4E48FAAE2DF45DFA00BA7EA6 /* HabitClient.swift in Sources */ = {isa = PBXBuildFile; fileRef = 4E48FA902DF45DFA00BA7EA6 /* HabitClient.swift */; };
		4E48FAAF2DF45DFA00BA7EA6 /* HabitFeature.swift in Sources */ = {isa = PBXBuildFile; fileRef = 4E48FA912DF45DFA00BA7EA6 /* HabitFeature.swift */; };
		4E48FAB02DF45DFA00BA7EA6 /* HabitView.swift in Sources */ = {isa = PBXBuildFile; fileRef = 4E48FA922DF45DFA00BA7EA6 /* HabitView.swift */; };
		4E48FAB12DF45DFA00BA7EA6 /* MainFeature.swift in Sources */ = {isa = PBXBuildFile; fileRef = 4E48FA942DF45DFA00BA7EA6 /* MainFeature.swift */; };
		4E48FAB22DF45DFA00BA7EA6 /* CalendarView.swift in Sources */ = {isa = PBXBuildFile; fileRef = 4E48FA962DF45DFA00BA7EA6 /* CalendarView.swift */; };
		4E48FAB32DF45DFA00BA7EA6 /* CalendarLevelView.swift in Sources */ = {isa = PBXBuildFile; fileRef = 4E48FA972DF45DFA00BA7EA6 /* CalendarLevelView.swift */; };
		4E48FAB42DF45DFA00BA7EA6 /* CalendarMonthView.swift in Sources */ = {isa = PBXBuildFile; fileRef = 4E48FA982DF45DFA00BA7EA6 /* CalendarMonthView.swift */; };
		4E48FAB52DF45DFA00BA7EA6 /* ThisWeekView.swift in Sources */ = {isa = PBXBuildFile; fileRef = 4E48FA992DF45DFA00BA7EA6 /* ThisWeekView.swift */; };
		4E48FAB62DF45DFA00BA7EA6 /* CalendarWeekDayView.swift in Sources */ = {isa = PBXBuildFile; fileRef = 4E48FA9A2DF45DFA00BA7EA6 /* CalendarWeekDayView.swift */; };
		4E48FAB72DF45DFA00BA7EA6 /* CalendarGridView.swift in Sources */ = {isa = PBXBuildFile; fileRef = 4E48FA9B2DF45DFA00BA7EA6 /* CalendarGridView.swift */; };
		4E48FAB82DF45DFA00BA7EA6 /* AnimationView.swift in Sources */ = {isa = PBXBuildFile; fileRef = 4E48FA9D2DF45DFA00BA7EA6 /* AnimationView.swift */; };
		4E48FAB92DF45DFA00BA7EA6 /* Graph.swift in Sources */ = {isa = PBXBuildFile; fileRef = 4E48FA9E2DF45DFA00BA7EA6 /* Graph.swift */; };
		4E48FABA2DF45DFA00BA7EA6 /* ReportListView.swift in Sources */ = {isa = PBXBuildFile; fileRef = 4E48FA9F2DF45DFA00BA7EA6 /* ReportListView.swift */; };
		4E48FABB2DF45DFA00BA7EA6 /* ReportView.swift in Sources */ = {isa = PBXBuildFile; fileRef = 4E48FAA02DF45DFA00BA7EA6 /* ReportView.swift */; };
		4E48FABC2DF45DFA00BA7EA6 /* StatisticsView.swift in Sources */ = {isa = PBXBuildFile; fileRef = 4E48FAA12DF45DFA00BA7EA6 /* StatisticsView.swift */; };
		4E48FABD2DF45DFA00BA7EA6 /* StaticsView 2.swift in Sources */ = {isa = PBXBuildFile; fileRef = 4E48FAA22DF45DFA00BA7EA6 /* StaticsView 2.swift */; };
		4E48FABE2DF45DFA00BA7EA6 /* TotalView.swift in Sources */ = {isa = PBXBuildFile; fileRef = 4E48FAA32DF45DFA00BA7EA6 /* TotalView.swift */; };
		4E48FABF2DF45DFA00BA7EA6 /* StatisticsClient.swift in Sources */ = {isa = PBXBuildFile; fileRef = 4E48FAA52DF45DFA00BA7EA6 /* StatisticsClient.swift */; };
		4E48FAC02DF45DFA00BA7EA6 /* StatisticsFeature.swift in Sources */ = {isa = PBXBuildFile; fileRef = 4E48FAA62DF45DFA00BA7EA6 /* StatisticsFeature.swift */; };
		4E48FAC72DF45DFD00BA7EA6 /* CompletedList.swift in Sources */ = {isa = PBXBuildFile; fileRef = 4E48FAC12DF45DFD00BA7EA6 /* CompletedList.swift */; };
		4E48FAC82DF45DFD00BA7EA6 /* Habit.swift in Sources */ = {isa = PBXBuildFile; fileRef = 4E48FAC22DF45DFD00BA7EA6 /* Habit.swift */; };
		4E48FAC92DF45DFD00BA7EA6 /* ReportData.swift in Sources */ = {isa = PBXBuildFile; fileRef = 4E48FAC32DF45DFD00BA7EA6 /* ReportData.swift */; };
		4E48FACA2DF45DFD00BA7EA6 /* ScrollData.swift in Sources */ = {isa = PBXBuildFile; fileRef = 4E48FAC42DF45DFD00BA7EA6 /* ScrollData.swift */; };
		4E48FACB2DF45DFD00BA7EA6 /* Statics.swift in Sources */ = {isa = PBXBuildFile; fileRef = 4E48FAC52DF45DFD00BA7EA6 /* Statics.swift */; };
		B56F33732DF9D30900416589 /* PaddingModifier.swift in Sources */ = {isa = PBXBuildFile; fileRef = B56F33722DF9D30900416589 /* PaddingModifier.swift */; };
/* End PBXBuildFile section */

/* Begin PBXContainerItemProxy section */
		03CFE07A27EC46D6004C54B6 /* PBXContainerItemProxy */ = {
			isa = PBXContainerItemProxy;
			containerPortal = 03CFE05C27EC46D1004C54B6 /* Project object */;
			proxyType = 1;
			remoteGlobalIDString = 03CFE06327EC46D1004C54B6;
			remoteInfo = "Habit Management";
		};
		03CFE08427EC46D6004C54B6 /* PBXContainerItemProxy */ = {
			isa = PBXContainerItemProxy;
			containerPortal = 03CFE05C27EC46D1004C54B6 /* Project object */;
			proxyType = 1;
			remoteGlobalIDString = 03CFE06327EC46D1004C54B6;
			remoteInfo = "Habit Management";
		};
/* End PBXContainerItemProxy section */

/* Begin PBXFileReference section */
		032EED57285E24D000994E5B /* Toast.swift */ = {isa = PBXFileReference; lastKnownFileType = sourcecode.swift; path = Toast.swift; sourceTree = "<group>"; };
		032EED59285E252800994E5B /* TextLimiter.swift */ = {isa = PBXFileReference; lastKnownFileType = sourcecode.swift; path = TextLimiter.swift; sourceTree = "<group>"; };
		032EED5B285E255D00994E5B /* WeekButton.swift */ = {isa = PBXFileReference; lastKnownFileType = sourcecode.swift; path = WeekButton.swift; sourceTree = "<group>"; };
		0346333528913B24000D1E61 /* NotificationCenterManager.swift */ = {isa = PBXFileReference; lastKnownFileType = sourcecode.swift; path = NotificationCenterManager.swift; sourceTree = "<group>"; };
		0346333D289AC6DA000D1E61 /* Habit-Management-Info.plist */ = {isa = PBXFileReference; lastKnownFileType = text.plist; path = "Habit-Management-Info.plist"; sourceTree = SOURCE_ROOT; };
		0368CBE52DF8BF090086E95B /* GoogleService-Info.plist */ = {isa = PBXFileReference; lastKnownFileType = text.plist.xml; path = "GoogleService-Info.plist"; sourceTree = "<group>"; };
		036D03B02813241000EE607B /* ItemView.swift */ = {isa = PBXFileReference; lastKnownFileType = sourcecode.swift; path = ItemView.swift; sourceTree = "<group>"; };
		036D03B428133CB300EE607B /* compltedLIstVM.swift */ = {isa = PBXFileReference; lastKnownFileType = sourcecode.swift; path = compltedLIstVM.swift; sourceTree = "<group>"; };
		037FFAEB28421AE800BD3C0E /* Setting.swift */ = {isa = PBXFileReference; lastKnownFileType = sourcecode.swift; path = Setting.swift; sourceTree = "<group>"; };
		037FFAF6284614F400BD3C0E /* TestView.swift */ = {isa = PBXFileReference; lastKnownFileType = sourcecode.swift; path = TestView.swift; sourceTree = "<group>"; };
		038FB457280D61F600740AA6 /* HabitVM.swift */ = {isa = PBXFileReference; lastKnownFileType = sourcecode.swift; path = HabitVM.swift; sourceTree = "<group>"; };
		039164DF283120DA00CA0028 /* Total.swift */ = {isa = PBXFileReference; lastKnownFileType = sourcecode.swift; path = Total.swift; sourceTree = "<group>"; };
		039164E12831213000CA0028 /* Month.swift */ = {isa = PBXFileReference; lastKnownFileType = sourcecode.swift; path = Month.swift; sourceTree = "<group>"; };
		039164F9283752B900CA0028 /* EditView.swift */ = {isa = PBXFileReference; lastKnownFileType = sourcecode.swift; path = EditView.swift; sourceTree = "<group>"; };
		0392B4162806C444006C1E04 /* Week.swift */ = {isa = PBXFileReference; lastKnownFileType = sourcecode.swift; path = Week.swift; sourceTree = "<group>"; };
		0392B41828080A7F006C1E04 /* RealmManager.swift */ = {isa = PBXFileReference; lastKnownFileType = sourcecode.swift; path = RealmManager.swift; sourceTree = "<group>"; };
		0392B41A28080DA0006C1E04 /* RealmThread.swift */ = {isa = PBXFileReference; lastKnownFileType = sourcecode.swift; path = RealmThread.swift; sourceTree = "<group>"; };
		03A06E612858ED0B0069C3CB /* ContentView.swift */ = {isa = PBXFileReference; lastKnownFileType = sourcecode.swift; path = ContentView.swift; sourceTree = "<group>"; };
		03A06E632858F7870069C3CB /* FirstLaunchView.swift */ = {isa = PBXFileReference; lastKnownFileType = sourcecode.swift; path = FirstLaunchView.swift; sourceTree = "<group>"; };
		03CFE06427EC46D1004C54B6 /* Habit Management.app */ = {isa = PBXFileReference; explicitFileType = wrapper.application; includeInIndex = 0; path = "Habit Management.app"; sourceTree = BUILT_PRODUCTS_DIR; };
		03CFE06727EC46D1004C54B6 /* Habit_ManagementApp.swift */ = {isa = PBXFileReference; lastKnownFileType = sourcecode.swift; path = Habit_ManagementApp.swift; sourceTree = "<group>"; };
		03CFE06927EC46D1004C54B6 /* MainView.swift */ = {isa = PBXFileReference; lastKnownFileType = sourcecode.swift; path = MainView.swift; sourceTree = "<group>"; };
		03CFE06B27EC46D6004C54B6 /* Assets.xcassets */ = {isa = PBXFileReference; lastKnownFileType = folder.assetcatalog; path = Assets.xcassets; sourceTree = "<group>"; };
		03CFE06E27EC46D6004C54B6 /* Preview Assets.xcassets */ = {isa = PBXFileReference; lastKnownFileType = folder.assetcatalog; path = "Preview Assets.xcassets"; sourceTree = "<group>"; };
		03CFE07027EC46D6004C54B6 /* Persistence.swift */ = {isa = PBXFileReference; lastKnownFileType = sourcecode.swift; path = Persistence.swift; sourceTree = "<group>"; };
		03CFE07327EC46D6004C54B6 /* Habit_Management.xcdatamodel */ = {isa = PBXFileReference; lastKnownFileType = wrapper.xcdatamodel; path = Habit_Management.xcdatamodel; sourceTree = "<group>"; };
		03CFE07927EC46D6004C54B6 /* Habit ManagementTests.xctest */ = {isa = PBXFileReference; explicitFileType = wrapper.cfbundle; includeInIndex = 0; path = "Habit ManagementTests.xctest"; sourceTree = BUILT_PRODUCTS_DIR; };
		03CFE07D27EC46D6004C54B6 /* Habit_ManagementTests.swift */ = {isa = PBXFileReference; lastKnownFileType = sourcecode.swift; path = Habit_ManagementTests.swift; sourceTree = "<group>"; };
		03CFE08327EC46D6004C54B6 /* Habit ManagementUITests.xctest */ = {isa = PBXFileReference; explicitFileType = wrapper.cfbundle; includeInIndex = 0; path = "Habit ManagementUITests.xctest"; sourceTree = BUILT_PRODUCTS_DIR; };
		03CFE08727EC46D6004C54B6 /* Habit_ManagementUITests.swift */ = {isa = PBXFileReference; lastKnownFileType = sourcecode.swift; path = Habit_ManagementUITests.swift; sourceTree = "<group>"; };
		03CFE08927EC46D6004C54B6 /* Habit_ManagementUITestsLaunchTests.swift */ = {isa = PBXFileReference; lastKnownFileType = sourcecode.swift; path = Habit_ManagementUITestsLaunchTests.swift; sourceTree = "<group>"; };
		03CFE0DC27F58D3F004C54B6 /* AddView.swift */ = {isa = PBXFileReference; lastKnownFileType = sourcecode.swift; path = AddView.swift; sourceTree = "<group>"; };
		03DBC288282BAB3E000848BF /* StaticVM.swift */ = {isa = PBXFileReference; lastKnownFileType = sourcecode.swift; path = StaticVM.swift; sourceTree = "<group>"; };
		4E3381822DF69033002849DB /* HabitHeaderView.swift */ = {isa = PBXFileReference; lastKnownFileType = sourcecode.swift; path = HabitHeaderView.swift; sourceTree = "<group>"; };
		4E3381842DF694CF002849DB /* HabitBackgroundView.swift */ = {isa = PBXFileReference; lastKnownFileType = sourcecode.swift; path = HabitBackgroundView.swift; sourceTree = "<group>"; };
		4E3381872DF70ECA002849DB /* HabitHeaderFeature.swift */ = {isa = PBXFileReference; lastKnownFileType = sourcecode.swift; path = HabitHeaderFeature.swift; sourceTree = "<group>"; };
		4E3381AE2DF7E6AA002849DB /* FillColorModifier.swift */ = {isa = PBXFileReference; lastKnownFileType = sourcecode.swift; path = FillColorModifier.swift; sourceTree = "<group>"; };
		4E3382922DFB0A5B002849DB /* CalendarFeature.swift */ = {isa = PBXFileReference; lastKnownFileType = sourcecode.swift; path = CalendarFeature.swift; sourceTree = "<group>"; };
		4E3382952DFB0AF2002849DB /* CalendarBackgroundView.swift */ = {isa = PBXFileReference; lastKnownFileType = sourcecode.swift; path = CalendarBackgroundView.swift; sourceTree = "<group>"; };
		4E3383782DFBD3E4002849DB /* CalendarMonthFeature.swift */ = {isa = PBXFileReference; lastKnownFileType = sourcecode.swift; path = CalendarMonthFeature.swift; sourceTree = "<group>"; };
		4E33837B2DFD632B002849DB /* CalendarGridFeature.swift */ = {isa = PBXFileReference; lastKnownFileType = sourcecode.swift; path = CalendarGridFeature.swift; sourceTree = "<group>"; };
		4E3384112DFEAFFE002849DB /* CalendarScrollView.swift */ = {isa = PBXFileReference; lastKnownFileType = sourcecode.swift; path = CalendarScrollView.swift; sourceTree = "<group>"; };
		4E3384142DFED181002849DB /* HabitToggleView.swift */ = {isa = PBXFileReference; lastKnownFileType = sourcecode.swift; path = HabitToggleView.swift; sourceTree = "<group>"; };
		4E3384162DFED3BD002849DB /* HabitToggleFeature.swift */ = {isa = PBXFileReference; lastKnownFileType = sourcecode.swift; path = HabitToggleFeature.swift; sourceTree = "<group>"; };
		4E48FA7B2DF45DF200BA7EA6 /* RoundedCorner.swift */ = {isa = PBXFileReference; lastKnownFileType = sourcecode.swift; path = RoundedCorner.swift; sourceTree = "<group>"; };
		4E48FA7D2DF45DF200BA7EA6 /* Color.swift */ = {isa = PBXFileReference; lastKnownFileType = sourcecode.swift; path = Color.swift; sourceTree = "<group>"; };
		4E48FA7E2DF45DF200BA7EA6 /* DateFormatter.swift */ = {isa = PBXFileReference; lastKnownFileType = sourcecode.swift; path = DateFormatter.swift; sourceTree = "<group>"; };
		4E48FA7F2DF45DF200BA7EA6 /* DependencyValues.swift */ = {isa = PBXFileReference; lastKnownFileType = sourcecode.swift; path = DependencyValues.swift; sourceTree = "<group>"; };
		4E48FA802DF45DF200BA7EA6 /* View.swift */ = {isa = PBXFileReference; lastKnownFileType = sourcecode.swift; path = View.swift; sourceTree = "<group>"; };
		4E48FA822DF45DF200BA7EA6 /* FrameModifier.swift */ = {isa = PBXFileReference; lastKnownFileType = sourcecode.swift; path = FrameModifier.swift; sourceTree = "<group>"; };
		4E48FA8B2DF45DF700BA7EA6 /* AppFeature.swift */ = {isa = PBXFileReference; lastKnownFileType = sourcecode.swift; path = AppFeature.swift; sourceTree = "<group>"; };
		4E48FA8E2DF45DFA00BA7EA6 /* CompletionClient.swift */ = {isa = PBXFileReference; lastKnownFileType = sourcecode.swift; path = CompletionClient.swift; sourceTree = "<group>"; };
		4E48FA8F2DF45DFA00BA7EA6 /* CompletionFeature.swift */ = {isa = PBXFileReference; lastKnownFileType = sourcecode.swift; path = CompletionFeature.swift; sourceTree = "<group>"; };
		4E48FA902DF45DFA00BA7EA6 /* HabitClient.swift */ = {isa = PBXFileReference; lastKnownFileType = sourcecode.swift; path = HabitClient.swift; sourceTree = "<group>"; };
		4E48FA912DF45DFA00BA7EA6 /* HabitFeature.swift */ = {isa = PBXFileReference; lastKnownFileType = sourcecode.swift; path = HabitFeature.swift; sourceTree = "<group>"; };
		4E48FA922DF45DFA00BA7EA6 /* HabitView.swift */ = {isa = PBXFileReference; lastKnownFileType = sourcecode.swift; path = HabitView.swift; sourceTree = "<group>"; };
		4E48FA942DF45DFA00BA7EA6 /* MainFeature.swift */ = {isa = PBXFileReference; lastKnownFileType = sourcecode.swift; path = MainFeature.swift; sourceTree = "<group>"; };
		4E48FA962DF45DFA00BA7EA6 /* CalendarView.swift */ = {isa = PBXFileReference; lastKnownFileType = sourcecode.swift; path = CalendarView.swift; sourceTree = "<group>"; };
		4E48FA972DF45DFA00BA7EA6 /* CalendarLevelView.swift */ = {isa = PBXFileReference; lastKnownFileType = sourcecode.swift; path = CalendarLevelView.swift; sourceTree = "<group>"; };
		4E48FA982DF45DFA00BA7EA6 /* CalendarMonthView.swift */ = {isa = PBXFileReference; lastKnownFileType = sourcecode.swift; path = CalendarMonthView.swift; sourceTree = "<group>"; };
		4E48FA992DF45DFA00BA7EA6 /* ThisWeekView.swift */ = {isa = PBXFileReference; lastKnownFileType = sourcecode.swift; path = ThisWeekView.swift; sourceTree = "<group>"; };
		4E48FA9A2DF45DFA00BA7EA6 /* CalendarWeekDayView.swift */ = {isa = PBXFileReference; lastKnownFileType = sourcecode.swift; path = CalendarWeekDayView.swift; sourceTree = "<group>"; };
		4E48FA9B2DF45DFA00BA7EA6 /* CalendarGridView.swift */ = {isa = PBXFileReference; lastKnownFileType = sourcecode.swift; path = CalendarGridView.swift; sourceTree = "<group>"; };
		4E48FA9D2DF45DFA00BA7EA6 /* AnimationView.swift */ = {isa = PBXFileReference; lastKnownFileType = sourcecode.swift; path = AnimationView.swift; sourceTree = "<group>"; };
		4E48FA9E2DF45DFA00BA7EA6 /* Graph.swift */ = {isa = PBXFileReference; lastKnownFileType = sourcecode.swift; path = Graph.swift; sourceTree = "<group>"; };
		4E48FA9F2DF45DFA00BA7EA6 /* ReportListView.swift */ = {isa = PBXFileReference; lastKnownFileType = sourcecode.swift; path = ReportListView.swift; sourceTree = "<group>"; };
		4E48FAA02DF45DFA00BA7EA6 /* ReportView.swift */ = {isa = PBXFileReference; lastKnownFileType = sourcecode.swift; path = ReportView.swift; sourceTree = "<group>"; };
		4E48FAA12DF45DFA00BA7EA6 /* StatisticsView.swift */ = {isa = PBXFileReference; lastKnownFileType = sourcecode.swift; path = StatisticsView.swift; sourceTree = "<group>"; };
		4E48FAA22DF45DFA00BA7EA6 /* StaticsView 2.swift */ = {isa = PBXFileReference; lastKnownFileType = sourcecode.swift; path = "StaticsView 2.swift"; sourceTree = "<group>"; };
		4E48FAA32DF45DFA00BA7EA6 /* TotalView.swift */ = {isa = PBXFileReference; lastKnownFileType = sourcecode.swift; path = TotalView.swift; sourceTree = "<group>"; };
		4E48FAA52DF45DFA00BA7EA6 /* StatisticsClient.swift */ = {isa = PBXFileReference; lastKnownFileType = sourcecode.swift; path = StatisticsClient.swift; sourceTree = "<group>"; };
		4E48FAA62DF45DFA00BA7EA6 /* StatisticsFeature.swift */ = {isa = PBXFileReference; lastKnownFileType = sourcecode.swift; path = StatisticsFeature.swift; sourceTree = "<group>"; };
		4E48FAC12DF45DFD00BA7EA6 /* CompletedList.swift */ = {isa = PBXFileReference; lastKnownFileType = sourcecode.swift; path = CompletedList.swift; sourceTree = "<group>"; };
		4E48FAC22DF45DFD00BA7EA6 /* Habit.swift */ = {isa = PBXFileReference; lastKnownFileType = sourcecode.swift; path = Habit.swift; sourceTree = "<group>"; };
		4E48FAC32DF45DFD00BA7EA6 /* ReportData.swift */ = {isa = PBXFileReference; lastKnownFileType = sourcecode.swift; path = ReportData.swift; sourceTree = "<group>"; };
		4E48FAC42DF45DFD00BA7EA6 /* ScrollData.swift */ = {isa = PBXFileReference; lastKnownFileType = sourcecode.swift; path = ScrollData.swift; sourceTree = "<group>"; };
		4E48FAC52DF45DFD00BA7EA6 /* Statics.swift */ = {isa = PBXFileReference; lastKnownFileType = sourcecode.swift; path = Statics.swift; sourceTree = "<group>"; };
		B56F33722DF9D30900416589 /* PaddingModifier.swift */ = {isa = PBXFileReference; lastKnownFileType = sourcecode.swift; path = PaddingModifier.swift; sourceTree = "<group>"; };
/* End PBXFileReference section */

/* Begin PBXFrameworksBuildPhase section */
		03CFE06127EC46D1004C54B6 /* Frameworks */ = {
			isa = PBXFrameworksBuildPhase;
			buildActionMask = 2147483647;
			files = (
				039E8CB92DD3917C005BC622 /* protoc-gen-swift in Frameworks */,
				039E8CB72DD3917C005BC622 /* SwiftProtobufPluginLibrary in Frameworks */,
				039E8CD42DDCC1F7005BC622 /* ComposableArchitecture in Frameworks */,
				039E8CBF2DD392C8005BC622 /* ActionSheetCard in Frameworks */,
				039E8CC42DD396A7005BC622 /* RealmSwift in Frameworks */,
				0346334C289FA7F9000D1E61 /* FirebaseDatabaseSwift in Frameworks */,
				0346334A289FA7F9000D1E61 /* FirebaseDatabase in Frameworks */,
				039165032837650100CA0028 /* PartialSheet in Frameworks */,
				039E8CC22DD396A7005BC622 /* Realm in Frameworks */,
				039E8CBC2DD391A8005BC622 /* PartialSheet in Frameworks */,
				039E8CB52DD3917C005BC622 /* SwiftProtobuf in Frameworks */,
				03463346289FA7F9000D1E61 /* FirebaseAnalytics in Frameworks */,
				039165082837744900CA0028 /* ActionSheetCard in Frameworks */,
				03463348289FA7F9000D1E61 /* FirebaseAnalyticsSwift in Frameworks */,
			);
			runOnlyForDeploymentPostprocessing = 0;
		};
		03CFE07627EC46D6004C54B6 /* Frameworks */ = {
			isa = PBXFrameworksBuildPhase;
			buildActionMask = 2147483647;
			files = (
			);
			runOnlyForDeploymentPostprocessing = 0;
		};
		03CFE08027EC46D6004C54B6 /* Frameworks */ = {
			isa = PBXFrameworksBuildPhase;
			buildActionMask = 2147483647;
			files = (
			);
			runOnlyForDeploymentPostprocessing = 0;
		};
/* End PBXFrameworksBuildPhase section */

/* Begin PBXGroup section */
		037FFAF4284606C200BD3C0E /* Item */ = {
			isa = PBXGroup;
			children = (
				039164F9283752B900CA0028 /* EditView.swift */,
				036D03B02813241000EE607B /* ItemView.swift */,
			);
			path = Item;
			sourceTree = "<group>";
		};
		039164DE283120C600CA0028 /* Utility */ = {
			isa = PBXGroup;
			children = (
				039164DF283120DA00CA0028 /* Total.swift */,
				0392B4162806C444006C1E04 /* Week.swift */,
				039164E12831213000CA0028 /* Month.swift */,
				032EED57285E24D000994E5B /* Toast.swift */,
				032EED59285E252800994E5B /* TextLimiter.swift */,
				0346333528913B24000D1E61 /* NotificationCenterManager.swift */,
			);
			path = Utility;
			sourceTree = "<group>";
		};
		0391650E283B5DE800CA0028 /* Add */ = {
			isa = PBXGroup;
			children = (
				03CFE0DC27F58D3F004C54B6 /* AddView.swift */,
				032EED5B285E255D00994E5B /* WeekButton.swift */,
			);
			path = Add;
			sourceTree = "<group>";
		};
		0392B41C28080DB1006C1E04 /* RealmManager */ = {
			isa = PBXGroup;
			children = (
				0392B41828080A7F006C1E04 /* RealmManager.swift */,
				0392B41A28080DA0006C1E04 /* RealmThread.swift */,
			);
			name = RealmManager;
			sourceTree = "<group>";
		};
		03CFE05B27EC46D1004C54B6 = {
			isa = PBXGroup;
			children = (
				03CFE06627EC46D1004C54B6 /* Habit Management */,
				03CFE07C27EC46D6004C54B6 /* Habit ManagementTests */,
				03CFE08627EC46D6004C54B6 /* Habit ManagementUITests */,
				03CFE06527EC46D1004C54B6 /* Products */,
				BB4933070CD0FEA51B66A680 /* Frameworks */,
			);
			sourceTree = "<group>";
		};
		03CFE06527EC46D1004C54B6 /* Products */ = {
			isa = PBXGroup;
			children = (
				03CFE06427EC46D1004C54B6 /* Habit Management.app */,
				03CFE07927EC46D6004C54B6 /* Habit ManagementTests.xctest */,
				03CFE08327EC46D6004C54B6 /* Habit ManagementUITests.xctest */,
			);
			name = Products;
			sourceTree = "<group>";
		};
		03CFE06627EC46D1004C54B6 /* Habit Management */ = {
			isa = PBXGroup;
			children = (
				0368CBE52DF8BF090086E95B /* GoogleService-Info.plist */,
				4E48FA842DF45DF200BA7EA6 /* Core */,
				4E48FA8C2DF45DF700BA7EA6 /* App */,
				4E48FAAB2DF45DFA00BA7EA6 /* Feature */,
				4E48FAC62DF45DFD00BA7EA6 /* Model */,
				0346333D289AC6DA000D1E61 /* Habit-Management-Info.plist */,
				039164DE283120C600CA0028 /* Utility */,
				0392B41C28080DB1006C1E04 /* RealmManager */,
				03CFE0DB27F4952B004C54B6 /* View */,
				03CFE0DA27F4949C004C54B6 /* View Model */,
				03CFE06727EC46D1004C54B6 /* Habit_ManagementApp.swift */,
				03CFE06B27EC46D6004C54B6 /* Assets.xcassets */,
				03CFE07027EC46D6004C54B6 /* Persistence.swift */,
				03CFE07227EC46D6004C54B6 /* Habit_Management.xcdatamodeld */,
				03CFE06D27EC46D6004C54B6 /* Preview Content */,
			);
			path = "Habit Management";
			sourceTree = "<group>";
		};
		03CFE06D27EC46D6004C54B6 /* Preview Content */ = {
			isa = PBXGroup;
			children = (
				03CFE06E27EC46D6004C54B6 /* Preview Assets.xcassets */,
			);
			path = "Preview Content";
			sourceTree = "<group>";
		};
		03CFE07C27EC46D6004C54B6 /* Habit ManagementTests */ = {
			isa = PBXGroup;
			children = (
				03CFE07D27EC46D6004C54B6 /* Habit_ManagementTests.swift */,
			);
			path = "Habit ManagementTests";
			sourceTree = "<group>";
		};
		03CFE08627EC46D6004C54B6 /* Habit ManagementUITests */ = {
			isa = PBXGroup;
			children = (
				03CFE08727EC46D6004C54B6 /* Habit_ManagementUITests.swift */,
				03CFE08927EC46D6004C54B6 /* Habit_ManagementUITestsLaunchTests.swift */,
			);
			path = "Habit ManagementUITests";
			sourceTree = "<group>";
		};
		03CFE0DA27F4949C004C54B6 /* View Model */ = {
			isa = PBXGroup;
			children = (
				03DBC288282BAB3E000848BF /* StaticVM.swift */,
				038FB457280D61F600740AA6 /* HabitVM.swift */,
				036D03B428133CB300EE607B /* compltedLIstVM.swift */,
				037FFAEB28421AE800BD3C0E /* Setting.swift */,
			);
			name = "View Model";
			path = ..;
			sourceTree = "<group>";
		};
		03CFE0DB27F4952B004C54B6 /* View */ = {
			isa = PBXGroup;
			children = (
				037FFAF4284606C200BD3C0E /* Item */,
				0391650E283B5DE800CA0028 /* Add */,
				03DBC27D2827CEEE000848BF /* Main */,
				037FFAF6284614F400BD3C0E /* TestView.swift */,
				03A06E612858ED0B0069C3CB /* ContentView.swift */,
			);
			name = View;
			path = ..;
			sourceTree = "<group>";
		};
		03DBC27D2827CEEE000848BF /* Main */ = {
			isa = PBXGroup;
			children = (
				03CFE06927EC46D1004C54B6 /* MainView.swift */,
				03A06E632858F7870069C3CB /* FirstLaunchView.swift */,
			);
			name = Main;
			sourceTree = "<group>";
		};
		4E3381862DF70EB4002849DB /* HabitHeader */ = {
			isa = PBXGroup;
			children = (
				4E3381822DF69033002849DB /* HabitHeaderView.swift */,
				4E3381872DF70ECA002849DB /* HabitHeaderFeature.swift */,
			);
			path = HabitHeader;
			sourceTree = "<group>";
		};
		4E3381AC2DF7E561002849DB /* HabitBackground */ = {
			isa = PBXGroup;
			children = (
				4E3381842DF694CF002849DB /* HabitBackgroundView.swift */,
			);
			path = HabitBackground;
			sourceTree = "<group>";
		};
		4E3382912DFB09A6002849DB /* Calendar */ = {
			isa = PBXGroup;
			children = (
				4E48FA962DF45DFA00BA7EA6 /* CalendarView.swift */,
				4E3384112DFEAFFE002849DB /* CalendarScrollView.swift */,
				4E3382922DFB0A5B002849DB /* CalendarFeature.swift */,
				4E3382942DFB0ADA002849DB /* CalendarBackground */,
				4E3382972DFB0BD7002849DB /* CalendarWeekDay */,
				4E3383772DFB1A2D002849DB /* CalendarMonth */,
				4E33837A2DFD62BE002849DB /* CalendarGrid */,
				4E3383762DFB16C9002849DB /* CalendarLevel */,
			);
			path = Calendar;
			sourceTree = "<group>";
		};
		4E3382942DFB0ADA002849DB /* CalendarBackground */ = {
			isa = PBXGroup;
			children = (
				4E3382952DFB0AF2002849DB /* CalendarBackgroundView.swift */,
			);
			path = CalendarBackground;
			sourceTree = "<group>";
		};
		4E3382972DFB0BD7002849DB /* CalendarWeekDay */ = {
			isa = PBXGroup;
			children = (
				4E48FA9A2DF45DFA00BA7EA6 /* CalendarWeekDayView.swift */,
			);
			path = CalendarWeekDay;
			sourceTree = "<group>";
		};
		4E3383762DFB16C9002849DB /* CalendarLevel */ = {
			isa = PBXGroup;
			children = (
				4E48FA972DF45DFA00BA7EA6 /* CalendarLevelView.swift */,
			);
			path = CalendarLevel;
			sourceTree = "<group>";
		};
		4E3383772DFB1A2D002849DB /* CalendarMonth */ = {
			isa = PBXGroup;
			children = (
				4E48FA982DF45DFA00BA7EA6 /* CalendarMonthView.swift */,
				4E3383782DFBD3E4002849DB /* CalendarMonthFeature.swift */,
			);
			path = CalendarMonth;
			sourceTree = "<group>";
		};
		4E33837A2DFD62BE002849DB /* CalendarGrid */ = {
			isa = PBXGroup;
			children = (
				4E48FA9B2DF45DFA00BA7EA6 /* CalendarGridView.swift */,
				4E33837B2DFD632B002849DB /* CalendarGridFeature.swift */,
			);
			path = CalendarGrid;
			sourceTree = "<group>";
		};
		4E3384132DFED159002849DB /* HabitToggleView */ = {
			isa = PBXGroup;
			children = (
				4E3384142DFED181002849DB /* HabitToggleView.swift */,
				4E3384162DFED3BD002849DB /* HabitToggleFeature.swift */,
			);
			path = HabitToggleView;
			sourceTree = "<group>";
		};
		4E48FA7C2DF45DF200BA7EA6 /* Component */ = {
			isa = PBXGroup;
			children = (
				4E48FA7B2DF45DF200BA7EA6 /* RoundedCorner.swift */,
			);
			path = Component;
			sourceTree = "<group>";
		};
		4E48FA812DF45DF200BA7EA6 /* Extension */ = {
			isa = PBXGroup;
			children = (
				4E48FA7D2DF45DF200BA7EA6 /* Color.swift */,
				4E48FA7E2DF45DF200BA7EA6 /* DateFormatter.swift */,
				4E48FA7F2DF45DF200BA7EA6 /* DependencyValues.swift */,
				4E48FA802DF45DF200BA7EA6 /* View.swift */,
			);
			path = Extension;
			sourceTree = "<group>";
		};
		4E48FA832DF45DF200BA7EA6 /* ViewModifier */ = {
			isa = PBXGroup;
			children = (
				B56F33722DF9D30900416589 /* PaddingModifier.swift */,
				4E48FA822DF45DF200BA7EA6 /* FrameModifier.swift */,
				4E3381AE2DF7E6AA002849DB /* FillColorModifier.swift */,
			);
			path = ViewModifier;
			sourceTree = "<group>";
		};
		4E48FA842DF45DF200BA7EA6 /* Core */ = {
			isa = PBXGroup;
			children = (
				4E48FA7C2DF45DF200BA7EA6 /* Component */,
				4E48FA812DF45DF200BA7EA6 /* Extension */,
				4E48FA832DF45DF200BA7EA6 /* ViewModifier */,
			);
			path = Core;
			sourceTree = "<group>";
		};
		4E48FA8C2DF45DF700BA7EA6 /* App */ = {
			isa = PBXGroup;
			children = (
				4E48FA8B2DF45DF700BA7EA6 /* AppFeature.swift */,
			);
			path = App;
			sourceTree = "<group>";
		};
		4E48FA932DF45DFA00BA7EA6 /* Habit */ = {
			isa = PBXGroup;
			children = (
				4E48FA922DF45DFA00BA7EA6 /* HabitView.swift */,
				4E48FA902DF45DFA00BA7EA6 /* HabitClient.swift */,
				4E48FA912DF45DFA00BA7EA6 /* HabitFeature.swift */,
				4E3381AC2DF7E561002849DB /* HabitBackground */,
				4E3381862DF70EB4002849DB /* HabitHeader */,
				4E3384132DFED159002849DB /* HabitToggleView */,
				4E48FA8E2DF45DFA00BA7EA6 /* CompletionClient.swift */,
				4E48FA8F2DF45DFA00BA7EA6 /* CompletionFeature.swift */,
			);
			path = Habit;
			sourceTree = "<group>";
		};
		4E48FA952DF45DFA00BA7EA6 /* Main */ = {
			isa = PBXGroup;
			children = (
				4E48FA942DF45DFA00BA7EA6 /* MainFeature.swift */,
			);
			path = Main;
			sourceTree = "<group>";
		};
		4E48FA9C2DF45DFA00BA7EA6 /* Scroll */ = {
			isa = PBXGroup;
			children = (
				4E48FA992DF45DFA00BA7EA6 /* ThisWeekView.swift */,
			);
			path = Scroll;
			sourceTree = "<group>";
		};
		4E48FAA42DF45DFA00BA7EA6 /* View */ = {
			isa = PBXGroup;
			children = (
				4E48FA9C2DF45DFA00BA7EA6 /* Scroll */,
				4E48FA9D2DF45DFA00BA7EA6 /* AnimationView.swift */,
				4E48FA9E2DF45DFA00BA7EA6 /* Graph.swift */,
				4E48FA9F2DF45DFA00BA7EA6 /* ReportListView.swift */,
				4E48FAA02DF45DFA00BA7EA6 /* ReportView.swift */,
				4E48FAA12DF45DFA00BA7EA6 /* StatisticsView.swift */,
				4E48FAA22DF45DFA00BA7EA6 /* StaticsView 2.swift */,
				4E48FAA32DF45DFA00BA7EA6 /* TotalView.swift */,
			);
			path = View;
			sourceTree = "<group>";
		};
		4E48FAA72DF45DFA00BA7EA6 /* Statistics */ = {
			isa = PBXGroup;
			children = (
				4E48FAA42DF45DFA00BA7EA6 /* View */,
				4E48FAA52DF45DFA00BA7EA6 /* StatisticsClient.swift */,
				4E48FAA62DF45DFA00BA7EA6 /* StatisticsFeature.swift */,
			);
			path = Statistics;
			sourceTree = "<group>";
		};
		4E48FAAB2DF45DFA00BA7EA6 /* Feature */ = {
			isa = PBXGroup;
			children = (
				4E3382912DFB09A6002849DB /* Calendar */,
				4E48FA932DF45DFA00BA7EA6 /* Habit */,
				4E48FA952DF45DFA00BA7EA6 /* Main */,
				4E48FAA72DF45DFA00BA7EA6 /* Statistics */,
			);
			path = Feature;
			sourceTree = "<group>";
		};
		4E48FAC62DF45DFD00BA7EA6 /* Model */ = {
			isa = PBXGroup;
			children = (
				4E48FAC12DF45DFD00BA7EA6 /* CompletedList.swift */,
				4E48FAC22DF45DFD00BA7EA6 /* Habit.swift */,
				4E48FAC32DF45DFD00BA7EA6 /* ReportData.swift */,
				4E48FAC42DF45DFD00BA7EA6 /* ScrollData.swift */,
				4E48FAC52DF45DFD00BA7EA6 /* Statics.swift */,
			);
			path = Model;
			sourceTree = "<group>";
		};
		BB4933070CD0FEA51B66A680 /* Frameworks */ = {
			isa = PBXGroup;
			children = (
			);
			name = Frameworks;
			sourceTree = "<group>";
		};
/* End PBXGroup section */

/* Begin PBXNativeTarget section */
		03CFE06327EC46D1004C54B6 /* Habit Management */ = {
			isa = PBXNativeTarget;
			buildConfigurationList = 03CFE08D27EC46D6004C54B6 /* Build configuration list for PBXNativeTarget "Habit Management" */;
			buildPhases = (
				03CFE06027EC46D1004C54B6 /* Sources */,
				03CFE06127EC46D1004C54B6 /* Frameworks */,
				03CFE06227EC46D1004C54B6 /* Resources */,
			);
			buildRules = (
			);
			dependencies = (
			);
			name = "Habit Management";
			packageProductDependencies = (
				039165022837650100CA0028 /* PartialSheet */,
				039165072837744900CA0028 /* ActionSheetCard */,
				03463345289FA7F9000D1E61 /* FirebaseAnalytics */,
				03463347289FA7F9000D1E61 /* FirebaseAnalyticsSwift */,
				03463349289FA7F9000D1E61 /* FirebaseDatabase */,
				0346334B289FA7F9000D1E61 /* FirebaseDatabaseSwift */,
				039E8CB42DD3917C005BC622 /* SwiftProtobuf */,
				039E8CB62DD3917C005BC622 /* SwiftProtobufPluginLibrary */,
				039E8CB82DD3917C005BC622 /* protoc-gen-swift */,
				039E8CBB2DD391A8005BC622 /* PartialSheet */,
				039E8CBE2DD392C8005BC622 /* ActionSheetCard */,
				039E8CC12DD396A7005BC622 /* Realm */,
				039E8CC32DD396A7005BC622 /* RealmSwift */,
				039E8CD32DDCC1F7005BC622 /* ComposableArchitecture */,
			);
			productName = "Habit Management";
			productReference = 03CFE06427EC46D1004C54B6 /* Habit Management.app */;
			productType = "com.apple.product-type.application";
		};
		03CFE07827EC46D6004C54B6 /* Habit ManagementTests */ = {
			isa = PBXNativeTarget;
			buildConfigurationList = 03CFE09027EC46D6004C54B6 /* Build configuration list for PBXNativeTarget "Habit ManagementTests" */;
			buildPhases = (
				03CFE07527EC46D6004C54B6 /* Sources */,
				03CFE07627EC46D6004C54B6 /* Frameworks */,
				03CFE07727EC46D6004C54B6 /* Resources */,
			);
			buildRules = (
			);
			dependencies = (
				03CFE07B27EC46D6004C54B6 /* PBXTargetDependency */,
			);
			name = "Habit ManagementTests";
			productName = "Habit ManagementTests";
			productReference = 03CFE07927EC46D6004C54B6 /* Habit ManagementTests.xctest */;
			productType = "com.apple.product-type.bundle.unit-test";
		};
		03CFE08227EC46D6004C54B6 /* Habit ManagementUITests */ = {
			isa = PBXNativeTarget;
			buildConfigurationList = 03CFE09327EC46D6004C54B6 /* Build configuration list for PBXNativeTarget "Habit ManagementUITests" */;
			buildPhases = (
				03CFE07F27EC46D6004C54B6 /* Sources */,
				03CFE08027EC46D6004C54B6 /* Frameworks */,
				03CFE08127EC46D6004C54B6 /* Resources */,
			);
			buildRules = (
			);
			dependencies = (
				03CFE08527EC46D6004C54B6 /* PBXTargetDependency */,
			);
			name = "Habit ManagementUITests";
			productName = "Habit ManagementUITests";
			productReference = 03CFE08327EC46D6004C54B6 /* Habit ManagementUITests.xctest */;
			productType = "com.apple.product-type.bundle.ui-testing";
		};
/* End PBXNativeTarget section */

/* Begin PBXProject section */
		03CFE05C27EC46D1004C54B6 /* Project object */ = {
			isa = PBXProject;
			attributes = {
				BuildIndependentTargetsInParallel = 1;
				LastSwiftUpdateCheck = 1320;
				LastUpgradeCheck = 1320;
				TargetAttributes = {
					03CFE06327EC46D1004C54B6 = {
						CreatedOnToolsVersion = 13.2.1;
					};
					03CFE07827EC46D6004C54B6 = {
						CreatedOnToolsVersion = 13.2.1;
						TestTargetID = 03CFE06327EC46D1004C54B6;
					};
					03CFE08227EC46D6004C54B6 = {
						CreatedOnToolsVersion = 13.2.1;
						TestTargetID = 03CFE06327EC46D1004C54B6;
					};
				};
			};
			buildConfigurationList = 03CFE05F27EC46D1004C54B6 /* Build configuration list for PBXProject "Habit Management" */;
			compatibilityVersion = "Xcode 15.0";
			developmentRegion = en;
			hasScannedForEncodings = 0;
			knownRegions = (
				en,
				Base,
			);
			mainGroup = 03CFE05B27EC46D1004C54B6;
			packageReferences = (
				03463344289FA7F9000D1E61 /* XCRemoteSwiftPackageReference "firebase-ios-sdk" */,
				039E8CB32DD3917C005BC622 /* XCRemoteSwiftPackageReference "swift-protobuf" */,
				039E8CBA2DD391A8005BC622 /* XCRemoteSwiftPackageReference "PartialSheet" */,
				039E8CBD2DD392C8005BC622 /* XCRemoteSwiftPackageReference "SwiftUI-Action-Sheet-Card" */,
				039E8CC02DD396A7005BC622 /* XCRemoteSwiftPackageReference "realm-swift" */,
				039E8CD22DDCC1F7005BC622 /* XCRemoteSwiftPackageReference "swift-composable-architecture" */,
			);
			productRefGroup = 03CFE06527EC46D1004C54B6 /* Products */;
			projectDirPath = "";
			projectRoot = "";
			targets = (
				03CFE06327EC46D1004C54B6 /* Habit Management */,
				03CFE07827EC46D6004C54B6 /* Habit ManagementTests */,
				03CFE08227EC46D6004C54B6 /* Habit ManagementUITests */,
			);
		};
/* End PBXProject section */

/* Begin PBXResourcesBuildPhase section */
		03CFE06227EC46D1004C54B6 /* Resources */ = {
			isa = PBXResourcesBuildPhase;
			buildActionMask = 2147483647;
			files = (
				03CFE06F27EC46D6004C54B6 /* Preview Assets.xcassets in Resources */,
				03CFE06C27EC46D6004C54B6 /* Assets.xcassets in Resources */,
				0368CBE62DF8BF090086E95B /* GoogleService-Info.plist in Resources */,
			);
			runOnlyForDeploymentPostprocessing = 0;
		};
		03CFE07727EC46D6004C54B6 /* Resources */ = {
			isa = PBXResourcesBuildPhase;
			buildActionMask = 2147483647;
			files = (
			);
			runOnlyForDeploymentPostprocessing = 0;
		};
		03CFE08127EC46D6004C54B6 /* Resources */ = {
			isa = PBXResourcesBuildPhase;
			buildActionMask = 2147483647;
			files = (
			);
			runOnlyForDeploymentPostprocessing = 0;
		};
/* End PBXResourcesBuildPhase section */

/* Begin PBXSourcesBuildPhase section */
		03CFE06027EC46D1004C54B6 /* Sources */ = {
			isa = PBXSourcesBuildPhase;
			buildActionMask = 2147483647;
			files = (
				039164E0283120DA00CA0028 /* Total.swift in Sources */,
				03A06E642858F7870069C3CB /* FirstLaunchView.swift in Sources */,
				039164FA283752B900CA0028 /* EditView.swift in Sources */,
				0392B4172806C444006C1E04 /* Week.swift in Sources */,
				4E3382932DFB0A5B002849DB /* CalendarFeature.swift in Sources */,
				03CFE07127EC46D6004C54B6 /* Persistence.swift in Sources */,
				032EED5A285E252800994E5B /* TextLimiter.swift in Sources */,
				4E48FAAC2DF45DFA00BA7EA6 /* CompletionClient.swift in Sources */,
				4E3381882DF70ECA002849DB /* HabitHeaderFeature.swift in Sources */,
				4E48FAAD2DF45DFA00BA7EA6 /* CompletionFeature.swift in Sources */,
				4E48FAAE2DF45DFA00BA7EA6 /* HabitClient.swift in Sources */,
				4E3382962DFB0AF2002849DB /* CalendarBackgroundView.swift in Sources */,
				4E3381832DF69033002849DB /* HabitHeaderView.swift in Sources */,
				4E3384122DFEAFFE002849DB /* CalendarScrollView.swift in Sources */,
				4E48FAAF2DF45DFA00BA7EA6 /* HabitFeature.swift in Sources */,
				4E48FAB02DF45DFA00BA7EA6 /* HabitView.swift in Sources */,
				4E48FAB12DF45DFA00BA7EA6 /* MainFeature.swift in Sources */,
				4E48FAB22DF45DFA00BA7EA6 /* CalendarView.swift in Sources */,
				4E48FAB32DF45DFA00BA7EA6 /* CalendarLevelView.swift in Sources */,
				B56F33732DF9D30900416589 /* PaddingModifier.swift in Sources */,
				4E48FAB42DF45DFA00BA7EA6 /* CalendarMonthView.swift in Sources */,
				4E48FAB52DF45DFA00BA7EA6 /* ThisWeekView.swift in Sources */,
				4E48FAB62DF45DFA00BA7EA6 /* CalendarWeekDayView.swift in Sources */,
				4E48FAB72DF45DFA00BA7EA6 /* CalendarGridView.swift in Sources */,
				4E48FAB82DF45DFA00BA7EA6 /* AnimationView.swift in Sources */,
				4E3383792DFBD3E4002849DB /* CalendarMonthFeature.swift in Sources */,
				4E48FAB92DF45DFA00BA7EA6 /* Graph.swift in Sources */,
				4E48FABA2DF45DFA00BA7EA6 /* ReportListView.swift in Sources */,
				4E3381AF2DF7E6AA002849DB /* FillColorModifier.swift in Sources */,
				4E48FABB2DF45DFA00BA7EA6 /* ReportView.swift in Sources */,
				4E33837C2DFD632B002849DB /* CalendarGridFeature.swift in Sources */,
				4E48FABC2DF45DFA00BA7EA6 /* StatisticsView.swift in Sources */,
				4E48FABD2DF45DFA00BA7EA6 /* StaticsView 2.swift in Sources */,
				4E3381852DF694CF002849DB /* HabitBackgroundView.swift in Sources */,
				4E48FABE2DF45DFA00BA7EA6 /* TotalView.swift in Sources */,
				4E48FABF2DF45DFA00BA7EA6 /* StatisticsClient.swift in Sources */,
				4E48FAC02DF45DFA00BA7EA6 /* StatisticsFeature.swift in Sources */,
				4E3384172DFED3BD002849DB /* HabitToggleFeature.swift in Sources */,
				037FFAF7284614F400BD3C0E /* TestView.swift in Sources */,
				0392B41B28080DA0006C1E04 /* RealmThread.swift in Sources */,
				032EED5C285E255D00994E5B /* WeekButton.swift in Sources */,
				03CFE07427EC46D6004C54B6 /* Habit_Management.xcdatamodeld in Sources */,
				038FB458280D61F600740AA6 /* HabitVM.swift in Sources */,
				4E3384152DFED181002849DB /* HabitToggleView.swift in Sources */,
				4E48FA852DF45DF200BA7EA6 /* RoundedCorner.swift in Sources */,
				4E48FA862DF45DF200BA7EA6 /* Color.swift in Sources */,
				4E48FA872DF45DF200BA7EA6 /* DateFormatter.swift in Sources */,
				4E48FA882DF45DF200BA7EA6 /* DependencyValues.swift in Sources */,
				4E48FA892DF45DF200BA7EA6 /* View.swift in Sources */,
				4E48FA8A2DF45DF200BA7EA6 /* FrameModifier.swift in Sources */,
				036D03B12813241000EE607B /* ItemView.swift in Sources */,
				032EED58285E24D000994E5B /* Toast.swift in Sources */,
				4E48FA8D2DF45DF700BA7EA6 /* AppFeature.swift in Sources */,
				03DBC289282BAB3E000848BF /* StaticVM.swift in Sources */,
				03A06E622858ED0B0069C3CB /* ContentView.swift in Sources */,
				0392B41928080A7F006C1E04 /* RealmManager.swift in Sources */,
				03CFE06A27EC46D1004C54B6 /* MainView.swift in Sources */,
				4E48FAC72DF45DFD00BA7EA6 /* CompletedList.swift in Sources */,
				4E48FAC82DF45DFD00BA7EA6 /* Habit.swift in Sources */,
				4E48FAC92DF45DFD00BA7EA6 /* ReportData.swift in Sources */,
				4E48FACA2DF45DFD00BA7EA6 /* ScrollData.swift in Sources */,
				4E48FACB2DF45DFD00BA7EA6 /* Statics.swift in Sources */,
				03CFE0DD27F58D3F004C54B6 /* AddView.swift in Sources */,
				039164E22831213000CA0028 /* Month.swift in Sources */,
				037FFAEC28421AE800BD3C0E /* Setting.swift in Sources */,
				036D03B528133CB300EE607B /* compltedLIstVM.swift in Sources */,
				03CFE06827EC46D1004C54B6 /* Habit_ManagementApp.swift in Sources */,
				0346333628913B24000D1E61 /* NotificationCenterManager.swift in Sources */,
			);
			runOnlyForDeploymentPostprocessing = 0;
		};
		03CFE07527EC46D6004C54B6 /* Sources */ = {
			isa = PBXSourcesBuildPhase;
			buildActionMask = 2147483647;
			files = (
				03CFE07E27EC46D6004C54B6 /* Habit_ManagementTests.swift in Sources */,
			);
			runOnlyForDeploymentPostprocessing = 0;
		};
		03CFE07F27EC46D6004C54B6 /* Sources */ = {
			isa = PBXSourcesBuildPhase;
			buildActionMask = 2147483647;
			files = (
				03CFE08A27EC46D6004C54B6 /* Habit_ManagementUITestsLaunchTests.swift in Sources */,
				03CFE08827EC46D6004C54B6 /* Habit_ManagementUITests.swift in Sources */,
			);
			runOnlyForDeploymentPostprocessing = 0;
		};
/* End PBXSourcesBuildPhase section */

/* Begin PBXTargetDependency section */
		03CFE07B27EC46D6004C54B6 /* PBXTargetDependency */ = {
			isa = PBXTargetDependency;
			target = 03CFE06327EC46D1004C54B6 /* Habit Management */;
			targetProxy = 03CFE07A27EC46D6004C54B6 /* PBXContainerItemProxy */;
		};
		03CFE08527EC46D6004C54B6 /* PBXTargetDependency */ = {
			isa = PBXTargetDependency;
			target = 03CFE06327EC46D1004C54B6 /* Habit Management */;
			targetProxy = 03CFE08427EC46D6004C54B6 /* PBXContainerItemProxy */;
		};
/* End PBXTargetDependency section */

/* Begin XCBuildConfiguration section */
		03CFE08B27EC46D6004C54B6 /* Debug */ = {
			isa = XCBuildConfiguration;
			buildSettings = {
				ALWAYS_SEARCH_USER_PATHS = YES;
				CLANG_ANALYZER_NONNULL = YES;
				CLANG_ANALYZER_NUMBER_OBJECT_CONVERSION = YES_AGGRESSIVE;
				CLANG_CXX_LANGUAGE_STANDARD = "gnu++17";
				CLANG_CXX_LIBRARY = "libc++";
				CLANG_ENABLE_MODULES = YES;
				CLANG_ENABLE_OBJC_ARC = YES;
				CLANG_ENABLE_OBJC_WEAK = YES;
				CLANG_WARN_BLOCK_CAPTURE_AUTORELEASING = YES;
				CLANG_WARN_BOOL_CONVERSION = YES;
				CLANG_WARN_COMMA = YES;
				CLANG_WARN_CONSTANT_CONVERSION = YES;
				CLANG_WARN_DEPRECATED_OBJC_IMPLEMENTATIONS = YES;
				CLANG_WARN_DIRECT_OBJC_ISA_USAGE = YES_ERROR;
				CLANG_WARN_DOCUMENTATION_COMMENTS = YES;
				CLANG_WARN_EMPTY_BODY = YES;
				CLANG_WARN_ENUM_CONVERSION = YES;
				CLANG_WARN_INFINITE_RECURSION = YES;
				CLANG_WARN_INT_CONVERSION = YES;
				CLANG_WARN_NON_LITERAL_NULL_CONVERSION = YES;
				CLANG_WARN_OBJC_IMPLICIT_RETAIN_SELF = YES;
				CLANG_WARN_OBJC_LITERAL_CONVERSION = YES;
				CLANG_WARN_OBJC_ROOT_CLASS = YES_ERROR;
				CLANG_WARN_QUOTED_INCLUDE_IN_FRAMEWORK_HEADER = YES;
				CLANG_WARN_RANGE_LOOP_ANALYSIS = YES;
				CLANG_WARN_STRICT_PROTOTYPES = YES;
				CLANG_WARN_SUSPICIOUS_MOVE = YES;
				CLANG_WARN_UNGUARDED_AVAILABILITY = YES_AGGRESSIVE;
				CLANG_WARN_UNREACHABLE_CODE = YES;
				CLANG_WARN__DUPLICATE_METHOD_MATCH = YES;
				COPY_PHASE_STRIP = NO;
				DEBUG_INFORMATION_FORMAT = dwarf;
				ENABLE_STRICT_OBJC_MSGSEND = YES;
				ENABLE_TESTABILITY = YES;
				GCC_C_LANGUAGE_STANDARD = gnu11;
				GCC_DYNAMIC_NO_PIC = NO;
				GCC_NO_COMMON_BLOCKS = YES;
				GCC_OPTIMIZATION_LEVEL = 0;
				GCC_PREPROCESSOR_DEFINITIONS = (
					"DEBUG=1",
					"$(inherited)",
				);
				GCC_WARN_64_TO_32_BIT_CONVERSION = YES;
				GCC_WARN_ABOUT_RETURN_TYPE = YES_ERROR;
				GCC_WARN_UNDECLARED_SELECTOR = YES;
				GCC_WARN_UNINITIALIZED_AUTOS = YES_AGGRESSIVE;
				GCC_WARN_UNUSED_FUNCTION = YES;
				GCC_WARN_UNUSED_VARIABLE = YES;
				INFOPLIST_KEY_LSSupportsOpeningDocumentsInPlace = YES;
				INFOPLIST_KEY_UISupportsDocumentBrowser = YES;
				IPHONEOS_DEPLOYMENT_TARGET = 15.2;
				MTL_ENABLE_DEBUG_INFO = INCLUDE_SOURCE;
				MTL_FAST_MATH = YES;
				ONLY_ACTIVE_ARCH = YES;
				SDKROOT = iphoneos;
				SWIFT_ACTIVE_COMPILATION_CONDITIONS = DEBUG;
				SWIFT_OPTIMIZATION_LEVEL = "-Onone";
			};
			name = Debug;
		};
		03CFE08C27EC46D6004C54B6 /* Release */ = {
			isa = XCBuildConfiguration;
			buildSettings = {
				ALWAYS_SEARCH_USER_PATHS = YES;
				CLANG_ANALYZER_NONNULL = YES;
				CLANG_ANALYZER_NUMBER_OBJECT_CONVERSION = YES_AGGRESSIVE;
				CLANG_CXX_LANGUAGE_STANDARD = "gnu++17";
				CLANG_CXX_LIBRARY = "libc++";
				CLANG_ENABLE_MODULES = YES;
				CLANG_ENABLE_OBJC_ARC = YES;
				CLANG_ENABLE_OBJC_WEAK = YES;
				CLANG_WARN_BLOCK_CAPTURE_AUTORELEASING = YES;
				CLANG_WARN_BOOL_CONVERSION = YES;
				CLANG_WARN_COMMA = YES;
				CLANG_WARN_CONSTANT_CONVERSION = YES;
				CLANG_WARN_DEPRECATED_OBJC_IMPLEMENTATIONS = YES;
				CLANG_WARN_DIRECT_OBJC_ISA_USAGE = YES_ERROR;
				CLANG_WARN_DOCUMENTATION_COMMENTS = YES;
				CLANG_WARN_EMPTY_BODY = YES;
				CLANG_WARN_ENUM_CONVERSION = YES;
				CLANG_WARN_INFINITE_RECURSION = YES;
				CLANG_WARN_INT_CONVERSION = YES;
				CLANG_WARN_NON_LITERAL_NULL_CONVERSION = YES;
				CLANG_WARN_OBJC_IMPLICIT_RETAIN_SELF = YES;
				CLANG_WARN_OBJC_LITERAL_CONVERSION = YES;
				CLANG_WARN_OBJC_ROOT_CLASS = YES_ERROR;
				CLANG_WARN_QUOTED_INCLUDE_IN_FRAMEWORK_HEADER = YES;
				CLANG_WARN_RANGE_LOOP_ANALYSIS = YES;
				CLANG_WARN_STRICT_PROTOTYPES = YES;
				CLANG_WARN_SUSPICIOUS_MOVE = YES;
				CLANG_WARN_UNGUARDED_AVAILABILITY = YES_AGGRESSIVE;
				CLANG_WARN_UNREACHABLE_CODE = YES;
				CLANG_WARN__DUPLICATE_METHOD_MATCH = YES;
				COPY_PHASE_STRIP = NO;
				DEBUG_INFORMATION_FORMAT = "dwarf-with-dsym";
				ENABLE_NS_ASSERTIONS = NO;
				ENABLE_STRICT_OBJC_MSGSEND = YES;
				GCC_C_LANGUAGE_STANDARD = gnu11;
				GCC_NO_COMMON_BLOCKS = YES;
				GCC_WARN_64_TO_32_BIT_CONVERSION = YES;
				GCC_WARN_ABOUT_RETURN_TYPE = YES_ERROR;
				GCC_WARN_UNDECLARED_SELECTOR = YES;
				GCC_WARN_UNINITIALIZED_AUTOS = YES_AGGRESSIVE;
				GCC_WARN_UNUSED_FUNCTION = YES;
				GCC_WARN_UNUSED_VARIABLE = YES;
				INFOPLIST_KEY_LSSupportsOpeningDocumentsInPlace = YES;
				INFOPLIST_KEY_UISupportsDocumentBrowser = YES;
				IPHONEOS_DEPLOYMENT_TARGET = 15.2;
				MTL_ENABLE_DEBUG_INFO = NO;
				MTL_FAST_MATH = YES;
				SDKROOT = iphoneos;
				SWIFT_COMPILATION_MODE = wholemodule;
				SWIFT_OPTIMIZATION_LEVEL = "-O";
				VALIDATE_PRODUCT = YES;
			};
			name = Release;
		};
		03CFE08E27EC46D6004C54B6 /* Debug */ = {
			isa = XCBuildConfiguration;
			buildSettings = {
				ASSETCATALOG_COMPILER_APPICON_NAME = AppIcon;
				ASSETCATALOG_COMPILER_GLOBAL_ACCENT_COLOR_NAME = AccentColor;
				CODE_SIGN_IDENTITY = "Apple Development";
				"CODE_SIGN_IDENTITY[sdk=iphoneos*]" = "iPhone Developer";
				CODE_SIGN_STYLE = Manual;
				CURRENT_PROJECT_VERSION = 1;
				DEVELOPMENT_ASSET_PATHS = "\"Habit Management/Preview Content\"";
				DEVELOPMENT_TEAM = "";
				"DEVELOPMENT_TEAM[sdk=iphoneos*]" = F2YB4PBTB4;
				ENABLE_PREVIEWS = YES;
				GCC_SYMBOLS_PRIVATE_EXTERN = YES;
				GENERATE_INFOPLIST_FILE = YES;
				INFOPLIST_FILE = "Habit-Management-Info.plist";
				INFOPLIST_KEY_LSSupportsOpeningDocumentsInPlace = YES;
				INFOPLIST_KEY_UIApplicationSceneManifest_Generation = YES;
				INFOPLIST_KEY_UIApplicationSupportsIndirectInputEvents = YES;
				INFOPLIST_KEY_UILaunchScreen_Generation = YES;
				INFOPLIST_KEY_UISupportedInterfaceOrientations = UIInterfaceOrientationPortrait;
				INFOPLIST_KEY_UISupportedInterfaceOrientations_iPad = "UIInterfaceOrientationPortrait UIInterfaceOrientationPortraitUpsideDown UIInterfaceOrientationLandscapeLeft UIInterfaceOrientationLandscapeRight";
				INFOPLIST_KEY_UISupportedInterfaceOrientations_iPhone = "UIInterfaceOrientationPortrait UIInterfaceOrientationLandscapeLeft UIInterfaceOrientationLandscapeRight";
				INFOPLIST_KEY_UISupportsDocumentBrowser = YES;
				INFOPLIST_KEY_UIUserInterfaceStyle = Light;
				LD_RUNPATH_SEARCH_PATHS = (
					"$(inherited)",
					"@executable_path/Frameworks",
				);
				MARKETING_VERSION = 1.0;
				PRODUCT_BUNDLE_IDENTIFIER = "com.Habit-Management";
				PRODUCT_NAME = "$(TARGET_NAME)";
				PROVISIONING_PROFILE_SPECIFIER = "";
				"PROVISIONING_PROFILE_SPECIFIER[sdk=iphoneos*]" = "match Development com.Habit-Management";
				SWIFT_EMIT_LOC_STRINGS = YES;
				SWIFT_VERSION = 5.0;
				TARGETED_DEVICE_FAMILY = 1;
			};
			name = Debug;
		};
		03CFE08F27EC46D6004C54B6 /* Release */ = {
			isa = XCBuildConfiguration;
			buildSettings = {
				ASSETCATALOG_COMPILER_APPICON_NAME = AppIcon;
				ASSETCATALOG_COMPILER_GLOBAL_ACCENT_COLOR_NAME = AccentColor;
				CODE_SIGN_IDENTITY = "Apple Development";
				"CODE_SIGN_IDENTITY[sdk=iphoneos*]" = "iPhone Developer";
				CODE_SIGN_STYLE = Manual;
				CURRENT_PROJECT_VERSION = 1;
				DEVELOPMENT_ASSET_PATHS = "\"Habit Management/Preview Content\"";
				DEVELOPMENT_TEAM = "";
				"DEVELOPMENT_TEAM[sdk=iphoneos*]" = F2YB4PBTB4;
				ENABLE_PREVIEWS = YES;
				GCC_SYMBOLS_PRIVATE_EXTERN = YES;
				GENERATE_INFOPLIST_FILE = YES;
				INFOPLIST_FILE = "Habit-Management-Info.plist";
				INFOPLIST_KEY_LSSupportsOpeningDocumentsInPlace = YES;
				INFOPLIST_KEY_UIApplicationSceneManifest_Generation = YES;
				INFOPLIST_KEY_UIApplicationSupportsIndirectInputEvents = YES;
				INFOPLIST_KEY_UILaunchScreen_Generation = YES;
				INFOPLIST_KEY_UISupportedInterfaceOrientations = UIInterfaceOrientationPortrait;
				INFOPLIST_KEY_UISupportedInterfaceOrientations_iPad = "UIInterfaceOrientationPortrait UIInterfaceOrientationPortraitUpsideDown UIInterfaceOrientationLandscapeLeft UIInterfaceOrientationLandscapeRight";
				INFOPLIST_KEY_UISupportedInterfaceOrientations_iPhone = "UIInterfaceOrientationPortrait UIInterfaceOrientationLandscapeLeft UIInterfaceOrientationLandscapeRight";
				INFOPLIST_KEY_UISupportsDocumentBrowser = YES;
				INFOPLIST_KEY_UIUserInterfaceStyle = Light;
				LD_RUNPATH_SEARCH_PATHS = (
					"$(inherited)",
					"@executable_path/Frameworks",
				);
				MARKETING_VERSION = 1.0;
				PRODUCT_BUNDLE_IDENTIFIER = "com.Habit-Management";
				PRODUCT_NAME = "$(TARGET_NAME)";
				PROVISIONING_PROFILE_SPECIFIER = "";
				"PROVISIONING_PROFILE_SPECIFIER[sdk=iphoneos*]" = "match Development com.Habit-Management";
				SWIFT_EMIT_LOC_STRINGS = YES;
				SWIFT_VERSION = 5.0;
				TARGETED_DEVICE_FAMILY = 1;
			};
			name = Release;
		};
		03CFE09127EC46D6004C54B6 /* Debug */ = {
			isa = XCBuildConfiguration;
			buildSettings = {
				ALWAYS_EMBED_SWIFT_STANDARD_LIBRARIES = YES;
				BUNDLE_LOADER = "$(TEST_HOST)";
				CODE_SIGN_STYLE = Automatic;
				CURRENT_PROJECT_VERSION = 1;
				DEVELOPMENT_TEAM = F2YB4PBTB4;
				GENERATE_INFOPLIST_FILE = YES;
				IPHONEOS_DEPLOYMENT_TARGET = 15.2;
				MARKETING_VERSION = 1.0;
				PRODUCT_BUNDLE_IDENTIFIER = "sujin.Habit-ManagementTests";
				PRODUCT_NAME = "$(TARGET_NAME)";
				SWIFT_EMIT_LOC_STRINGS = NO;
				SWIFT_VERSION = 5.0;
				TARGETED_DEVICE_FAMILY = "1,2";
				TEST_HOST = "$(BUILT_PRODUCTS_DIR)/Habit Management.app/Habit Management";
			};
			name = Debug;
		};
		03CFE09227EC46D6004C54B6 /* Release */ = {
			isa = XCBuildConfiguration;
			buildSettings = {
				ALWAYS_EMBED_SWIFT_STANDARD_LIBRARIES = YES;
				BUNDLE_LOADER = "$(TEST_HOST)";
				CODE_SIGN_STYLE = Automatic;
				CURRENT_PROJECT_VERSION = 1;
				DEVELOPMENT_TEAM = F2YB4PBTB4;
				GENERATE_INFOPLIST_FILE = YES;
				IPHONEOS_DEPLOYMENT_TARGET = 15.2;
				MARKETING_VERSION = 1.0;
				PRODUCT_BUNDLE_IDENTIFIER = "sujin.Habit-ManagementTests";
				PRODUCT_NAME = "$(TARGET_NAME)";
				SWIFT_EMIT_LOC_STRINGS = NO;
				SWIFT_VERSION = 5.0;
				TARGETED_DEVICE_FAMILY = "1,2";
				TEST_HOST = "$(BUILT_PRODUCTS_DIR)/Habit Management.app/Habit Management";
			};
			name = Release;
		};
		03CFE09427EC46D6004C54B6 /* Debug */ = {
			isa = XCBuildConfiguration;
			buildSettings = {
				ALWAYS_EMBED_SWIFT_STANDARD_LIBRARIES = YES;
				CODE_SIGN_STYLE = Automatic;
				CURRENT_PROJECT_VERSION = 1;
				DEVELOPMENT_TEAM = F2YB4PBTB4;
				GENERATE_INFOPLIST_FILE = YES;
				MARKETING_VERSION = 1.0;
				PRODUCT_BUNDLE_IDENTIFIER = "sujin.Habit-ManagementUITests";
				PRODUCT_NAME = "$(TARGET_NAME)";
				SWIFT_EMIT_LOC_STRINGS = NO;
				SWIFT_VERSION = 5.0;
				TARGETED_DEVICE_FAMILY = "1,2";
				TEST_TARGET_NAME = "Habit Management";
			};
			name = Debug;
		};
		03CFE09527EC46D6004C54B6 /* Release */ = {
			isa = XCBuildConfiguration;
			buildSettings = {
				ALWAYS_EMBED_SWIFT_STANDARD_LIBRARIES = YES;
				CODE_SIGN_STYLE = Automatic;
				CURRENT_PROJECT_VERSION = 1;
				DEVELOPMENT_TEAM = F2YB4PBTB4;
				GENERATE_INFOPLIST_FILE = YES;
				MARKETING_VERSION = 1.0;
				PRODUCT_BUNDLE_IDENTIFIER = "sujin.Habit-ManagementUITests";
				PRODUCT_NAME = "$(TARGET_NAME)";
				SWIFT_EMIT_LOC_STRINGS = NO;
				SWIFT_VERSION = 5.0;
				TARGETED_DEVICE_FAMILY = "1,2";
				TEST_TARGET_NAME = "Habit Management";
			};
			name = Release;
		};
/* End XCBuildConfiguration section */

/* Begin XCConfigurationList section */
		03CFE05F27EC46D1004C54B6 /* Build configuration list for PBXProject "Habit Management" */ = {
			isa = XCConfigurationList;
			buildConfigurations = (
				03CFE08B27EC46D6004C54B6 /* Debug */,
				03CFE08C27EC46D6004C54B6 /* Release */,
			);
			defaultConfigurationIsVisible = 0;
			defaultConfigurationName = Release;
		};
		03CFE08D27EC46D6004C54B6 /* Build configuration list for PBXNativeTarget "Habit Management" */ = {
			isa = XCConfigurationList;
			buildConfigurations = (
				03CFE08E27EC46D6004C54B6 /* Debug */,
				03CFE08F27EC46D6004C54B6 /* Release */,
			);
			defaultConfigurationIsVisible = 0;
			defaultConfigurationName = Release;
		};
		03CFE09027EC46D6004C54B6 /* Build configuration list for PBXNativeTarget "Habit ManagementTests" */ = {
			isa = XCConfigurationList;
			buildConfigurations = (
				03CFE09127EC46D6004C54B6 /* Debug */,
				03CFE09227EC46D6004C54B6 /* Release */,
			);
			defaultConfigurationIsVisible = 0;
			defaultConfigurationName = Release;
		};
		03CFE09327EC46D6004C54B6 /* Build configuration list for PBXNativeTarget "Habit ManagementUITests" */ = {
			isa = XCConfigurationList;
			buildConfigurations = (
				03CFE09427EC46D6004C54B6 /* Debug */,
				03CFE09527EC46D6004C54B6 /* Release */,
			);
			defaultConfigurationIsVisible = 0;
			defaultConfigurationName = Release;
		};
/* End XCConfigurationList section */

/* Begin XCRemoteSwiftPackageReference section */
		03463344289FA7F9000D1E61 /* XCRemoteSwiftPackageReference "firebase-ios-sdk" */ = {
			isa = XCRemoteSwiftPackageReference;
			repositoryURL = "https://github.com/firebase/firebase-ios-sdk";
			requirement = {
				kind = upToNextMajorVersion;
				minimumVersion = 9.0.0;
			};
		};
		039E8CB32DD3917C005BC622 /* XCRemoteSwiftPackageReference "swift-protobuf" */ = {
			isa = XCRemoteSwiftPackageReference;
			repositoryURL = "https://github.com/apple/swift-protobuf.git";
			requirement = {
				kind = upToNextMajorVersion;
				minimumVersion = 1.29.0;
			};
		};
		039E8CBA2DD391A8005BC622 /* XCRemoteSwiftPackageReference "PartialSheet" */ = {
			isa = XCRemoteSwiftPackageReference;
			repositoryURL = "https://github.com/AndreaMiotto/PartialSheet";
			requirement = {
				kind = upToNextMajorVersion;
				minimumVersion = 3.1.1;
			};
		};
		039E8CBD2DD392C8005BC622 /* XCRemoteSwiftPackageReference "SwiftUI-Action-Sheet-Card" */ = {
			isa = XCRemoteSwiftPackageReference;
			repositoryURL = "https://github.com/mahmudahsan/SwiftUI-Action-Sheet-Card.git";
			requirement = {
				kind = upToNextMajorVersion;
				minimumVersion = 0.3.0;
			};
		};
		039E8CC02DD396A7005BC622 /* XCRemoteSwiftPackageReference "realm-swift" */ = {
			isa = XCRemoteSwiftPackageReference;
			repositoryURL = "https://github.com/realm/realm-swift";
			requirement = {
				kind = exactVersion;
				version = 10.33.0;
			};
		};
		039E8CD22DDCC1F7005BC622 /* XCRemoteSwiftPackageReference "swift-composable-architecture" */ = {
			isa = XCRemoteSwiftPackageReference;
			repositoryURL = "https://github.com/pointfreeco/swift-composable-architecture";
			requirement = {
				kind = exactVersion;
				version = 1.7.2;
			};
		};
/* End XCRemoteSwiftPackageReference section */

/* Begin XCSwiftPackageProductDependency section */
		03463345289FA7F9000D1E61 /* FirebaseAnalytics */ = {
			isa = XCSwiftPackageProductDependency;
			package = 03463344289FA7F9000D1E61 /* XCRemoteSwiftPackageReference "firebase-ios-sdk" */;
			productName = FirebaseAnalytics;
		};
		03463347289FA7F9000D1E61 /* FirebaseAnalyticsSwift */ = {
			isa = XCSwiftPackageProductDependency;
			package = 03463344289FA7F9000D1E61 /* XCRemoteSwiftPackageReference "firebase-ios-sdk" */;
			productName = FirebaseAnalyticsSwift;
		};
		03463349289FA7F9000D1E61 /* FirebaseDatabase */ = {
			isa = XCSwiftPackageProductDependency;
			package = 03463344289FA7F9000D1E61 /* XCRemoteSwiftPackageReference "firebase-ios-sdk" */;
			productName = FirebaseDatabase;
		};
		0346334B289FA7F9000D1E61 /* FirebaseDatabaseSwift */ = {
			isa = XCSwiftPackageProductDependency;
			package = 03463344289FA7F9000D1E61 /* XCRemoteSwiftPackageReference "firebase-ios-sdk" */;
			productName = FirebaseDatabaseSwift;
		};
		039165022837650100CA0028 /* PartialSheet */ = {
			isa = XCSwiftPackageProductDependency;
			productName = PartialSheet;
		};
		039165072837744900CA0028 /* ActionSheetCard */ = {
			isa = XCSwiftPackageProductDependency;
			productName = ActionSheetCard;
		};
		039E8CB42DD3917C005BC622 /* SwiftProtobuf */ = {
			isa = XCSwiftPackageProductDependency;
			package = 039E8CB32DD3917C005BC622 /* XCRemoteSwiftPackageReference "swift-protobuf" */;
			productName = SwiftProtobuf;
		};
		039E8CB62DD3917C005BC622 /* SwiftProtobufPluginLibrary */ = {
			isa = XCSwiftPackageProductDependency;
			package = 039E8CB32DD3917C005BC622 /* XCRemoteSwiftPackageReference "swift-protobuf" */;
			productName = SwiftProtobufPluginLibrary;
		};
		039E8CB82DD3917C005BC622 /* protoc-gen-swift */ = {
			isa = XCSwiftPackageProductDependency;
			package = 039E8CB32DD3917C005BC622 /* XCRemoteSwiftPackageReference "swift-protobuf" */;
			productName = "protoc-gen-swift";
		};
		039E8CBB2DD391A8005BC622 /* PartialSheet */ = {
			isa = XCSwiftPackageProductDependency;
			package = 039E8CBA2DD391A8005BC622 /* XCRemoteSwiftPackageReference "PartialSheet" */;
			productName = PartialSheet;
		};
		039E8CBE2DD392C8005BC622 /* ActionSheetCard */ = {
			isa = XCSwiftPackageProductDependency;
			package = 039E8CBD2DD392C8005BC622 /* XCRemoteSwiftPackageReference "SwiftUI-Action-Sheet-Card" */;
			productName = ActionSheetCard;
		};
		039E8CC12DD396A7005BC622 /* Realm */ = {
			isa = XCSwiftPackageProductDependency;
			package = 039E8CC02DD396A7005BC622 /* XCRemoteSwiftPackageReference "realm-swift" */;
			productName = Realm;
		};
		039E8CC32DD396A7005BC622 /* RealmSwift */ = {
			isa = XCSwiftPackageProductDependency;
			package = 039E8CC02DD396A7005BC622 /* XCRemoteSwiftPackageReference "realm-swift" */;
			productName = RealmSwift;
		};
		039E8CD32DDCC1F7005BC622 /* ComposableArchitecture */ = {
			isa = XCSwiftPackageProductDependency;
			package = 039E8CD22DDCC1F7005BC622 /* XCRemoteSwiftPackageReference "swift-composable-architecture" */;
			productName = ComposableArchitecture;
		};
/* End XCSwiftPackageProductDependency section */

/* Begin XCVersionGroup section */
		03CFE07227EC46D6004C54B6 /* Habit_Management.xcdatamodeld */ = {
			isa = XCVersionGroup;
			children = (
				03CFE07327EC46D6004C54B6 /* Habit_Management.xcdatamodel */,
			);
			currentVersion = 03CFE07327EC46D6004C54B6 /* Habit_Management.xcdatamodel */;
			path = Habit_Management.xcdatamodeld;
			sourceTree = "<group>";
			versionGroupType = wrapper.xcdatamodel;
		};
/* End XCVersionGroup section */
	};
	rootObject = 03CFE05C27EC46D1004C54B6 /* Project object */;
}
